// !$*UTF8*$!
{
	archiveVersion = 1;
	classes = {
	};
	objectVersion = 46;
	objects = {

/* Begin PBXBuildFile section */
		1D60589F0D05DD5A006BFB54 /* Foundation.framework in Frameworks */ = {isa = PBXBuildFile; fileRef = 1D30AB110D05D00D00671497 /* Foundation.framework */; };
		1DF5F4E00D08C38300B7A737 /* UIKit.framework in Frameworks */ = {isa = PBXBuildFile; fileRef = 1DF5F4DF0D08C38300B7A737 /* UIKit.framework */; };
		288765A50DF7441C002DB57D /* CoreGraphics.framework in Frameworks */ = {isa = PBXBuildFile; fileRef = 288765A40DF7441C002DB57D /* CoreGraphics.framework */; };
		51D5905A18CEC53F006D1C06 /* libstdc++.dylib in Frameworks */ = {isa = PBXBuildFile; fileRef = 51D5905918CEC53F006D1C06 /* libstdc++.dylib */; };
		51F573EB187F9B5300B85689 /* libstdc++.6.0.9.dylib in Frameworks */ = {isa = PBXBuildFile; fileRef = 51F573EA187F9B5300B85689 /* libstdc++.6.0.9.dylib */; };
		9AC8898A13A69876002C92D4 /* AVFoundation.framework in Frameworks */ = {isa = PBXBuildFile; fileRef = 9AC8898913A69876002C92D4 /* AVFoundation.framework */; };
		9AC8899113A69880002C92D4 /* AudioToolbox.framework in Frameworks */ = {isa = PBXBuildFile; fileRef = 9AC8899013A69880002C92D4 /* AudioToolbox.framework */; };
		9AC88A0113A6A4B4002C92D4 /* MediaPlayer.framework in Frameworks */ = {isa = PBXBuildFile; fileRef = 9AC88A0013A6A4B4002C92D4 /* MediaPlayer.framework */; };
		9AC88A6F13A6ACEA002C92D4 /* libz.dylib in Frameworks */ = {isa = PBXBuildFile; fileRef = 9AC88A6E13A6ACEA002C92D4 /* libz.dylib */; };
		9AC88A7313A6AD1A002C92D4 /* CFNetwork.framework in Frameworks */ = {isa = PBXBuildFile; fileRef = 9AC88A7213A6AD1A002C92D4 /* CFNetwork.framework */; };
		9AC88A7C13A6AD2F002C92D4 /* MobileCoreServices.framework in Frameworks */ = {isa = PBXBuildFile; fileRef = 9AC88A7B13A6AD2F002C92D4 /* MobileCoreServices.framework */; };
		F12B14A01A75943E00A722F7 /* AddressBook.framework in Frameworks */ = {isa = PBXBuildFile; fileRef = F15847841953A5B6005EAB1B /* AddressBook.framework */; };
		F12B14A21A75944300A722F7 /* AddressBookUI.framework in Frameworks */ = {isa = PBXBuildFile; fileRef = F12B14A11A75944300A722F7 /* AddressBookUI.framework */; };
		F1584773194F9266005EAB1B /* libGTLTouchStaticLib.a in Frameworks */ = {isa = PBXBuildFile; fileRef = F158476E194F924D005EAB1B /* libGTLTouchStaticLib.a */; };
		F158477719539981005EAB1B /* CoreLocation.framework in Frameworks */ = {isa = PBXBuildFile; fileRef = F158477619539981005EAB1B /* CoreLocation.framework */; };
		F158477919539994005EAB1B /* QuartzCore.framework in Frameworks */ = {isa = PBXBuildFile; fileRef = F158477819539994005EAB1B /* QuartzCore.framework */; };
		F158477A195399AB005EAB1B /* Security.framework in Frameworks */ = {isa = PBXBuildFile; fileRef = F12B56E0194E7F6C0017BF7F /* Security.framework */; };
		F158477D195399BF005EAB1B /* SystemConfiguration.framework in Frameworks */ = {isa = PBXBuildFile; fileRef = 9AC88A8213A6AD3A002C92D4 /* SystemConfiguration.framework */; };
		F158477F1953A0BC005EAB1B /* Social.framework in Frameworks */ = {isa = PBXBuildFile; fileRef = F158477E1953A0BC005EAB1B /* Social.framework */; };
		F15847831953A59C005EAB1B /* Accounts.framework in Frameworks */ = {isa = PBXBuildFile; fileRef = F15847821953A59C005EAB1B /* Accounts.framework */; };
		F1697B551A02CCBF00E0F9FD /* FacebookSDK.framework in Frameworks */ = {isa = PBXBuildFile; fileRef = F1697B541A02CCBF00E0F9FD /* FacebookSDK.framework */; };
		F18704331B18E6BF007D8C00 /* MessageUI.framework in Frameworks */ = {isa = PBXBuildFile; fileRef = F18704321B18E6BF007D8C00 /* MessageUI.framework */; };
		F1F38E531A02B95C00F07B44 /* Bolts.framework in Frameworks */ = {isa = PBXBuildFile; fileRef = F1F38E4F1A02B95C00F07B44 /* Bolts.framework */; };
		F1F38E541A02B95C00F07B44 /* Parse.framework in Frameworks */ = {isa = PBXBuildFile; fileRef = F1F38E501A02B95C00F07B44 /* Parse.framework */; };
		F1F38E551A02B95C00F07B44 /* ParseFacebookUtils.framework in Frameworks */ = {isa = PBXBuildFile; fileRef = F1F38E511A02B95C00F07B44 /* ParseFacebookUtils.framework */; };
		F1F8F35B1B9A27D200F3B5EB /* LinkMeUpAppDelegate.m in Sources */ = {isa = PBXBuildFile; fileRef = F1F8F2F01B9A27D200F3B5EB /* LinkMeUpAppDelegate.m */; };
		F1F8F35C1B9A27D200F3B5EB /* Constants.m in Sources */ = {isa = PBXBuildFile; fileRef = F1F8F2F31B9A27D200F3B5EB /* Constants.m */; };
		F1F8F35D1B9A27D200F3B5EB /* friendsViewController.m in Sources */ = {isa = PBXBuildFile; fileRef = F1F8F2F71B9A27D200F3B5EB /* friendsViewController.m */; };
		F1F8F35E1B9A27D200F3B5EB /* legalInfoViewController.m in Sources */ = {isa = PBXBuildFile; fileRef = F1F8F2F91B9A27D200F3B5EB /* legalInfoViewController.m */; };
		F1F8F35F1B9A27D200F3B5EB /* settingsViewController.m in Sources */ = {isa = PBXBuildFile; fileRef = F1F8F2FB1B9A27D200F3B5EB /* settingsViewController.m */; };
		F1F8F3601B9A27D200F3B5EB /* likeloveStatusViewController.m in Sources */ = {isa = PBXBuildFile; fileRef = F1F8F2FF1B9A27D200F3B5EB /* likeloveStatusViewController.m */; };
		F1F8F3611B9A27D200F3B5EB /* replyViewController.m in Sources */ = {isa = PBXBuildFile; fileRef = F1F8F3011B9A27D200F3B5EB /* replyViewController.m */; };
		F1F8F3621B9A27D200F3B5EB /* inboxViewController.m in Sources */ = {isa = PBXBuildFile; fileRef = F1F8F3031B9A27D200F3B5EB /* inboxViewController.m */; };
		F1F8F3631B9A27D200F3B5EB /* linkViewController.m in Sources */ = {isa = PBXBuildFile; fileRef = F1F8F3061B9A27D200F3B5EB /* linkViewController.m */; };
		F1F8F3641B9A27D200F3B5EB /* receivedLinkViewController.m in Sources */ = {isa = PBXBuildFile; fileRef = F1F8F3081B9A27D200F3B5EB /* receivedLinkViewController.m */; };
		F1F8F3651B9A27D200F3B5EB /* sentLinkViewController.m in Sources */ = {isa = PBXBuildFile; fileRef = F1F8F30A1B9A27D200F3B5EB /* sentLinkViewController.m */; };
		F1F8F3661B9A27D200F3B5EB /* findContactsViewController.m in Sources */ = {isa = PBXBuildFile; fileRef = F1F8F30D1B9A27D200F3B5EB /* findContactsViewController.m */; };
		F1F8F3671B9A27D200F3B5EB /* pushNotifViewController.m in Sources */ = {isa = PBXBuildFile; fileRef = F1F8F30F1B9A27D200F3B5EB /* pushNotifViewController.m */; };
		F1F8F3681B9A27D200F3B5EB /* contactsViewController.m in Sources */ = {isa = PBXBuildFile; fileRef = F1F8F3121B9A27D200F3B5EB /* contactsViewController.m */; };
		F1F8F3691B9A27D200F3B5EB /* searchResultsViewController.m in Sources */ = {isa = PBXBuildFile; fileRef = F1F8F3141B9A27D200F3B5EB /* searchResultsViewController.m */; };
		F1F8F36A1B9A27D200F3B5EB /* searchViewController.m in Sources */ = {isa = PBXBuildFile; fileRef = F1F8F3161B9A27D200F3B5EB /* searchViewController.m */; };
		F1F8F36B1B9A27D200F3B5EB /* songInfoViewController.m in Sources */ = {isa = PBXBuildFile; fileRef = F1F8F3181B9A27D200F3B5EB /* songInfoViewController.m */; };
		F1F8F36C1B9A27D200F3B5EB /* DefaultSettingsViewController.m in Sources */ = {isa = PBXBuildFile; fileRef = F1F8F31B1B9A27D200F3B5EB /* DefaultSettingsViewController.m */; };
		F1F8F36D1B9A27D200F3B5EB /* myLogInViewController.m in Sources */ = {isa = PBXBuildFile; fileRef = F1F8F31D1B9A27D200F3B5EB /* myLogInViewController.m */; };
		F1F8F36E1B9A27D200F3B5EB /* mySignUpViewController.m in Sources */ = {isa = PBXBuildFile; fileRef = F1F8F31F1B9A27D200F3B5EB /* mySignUpViewController.m */; };
		F1F8F36F1B9A27D200F3B5EB /* verificationViewController.m in Sources */ = {isa = PBXBuildFile; fileRef = F1F8F3211B9A27D200F3B5EB /* verificationViewController.m */; };
		F1F8F3701B9A27D200F3B5EB /* Data.m in Sources */ = {isa = PBXBuildFile; fileRef = F1F8F3241B9A27D200F3B5EB /* Data.m */; };
		F1F8F3711B9A27D200F3B5EB /* FriendRequest.m in Sources */ = {isa = PBXBuildFile; fileRef = F1F8F3271B9A27D200F3B5EB /* FriendRequest.m */; };
		F1F8F3721B9A27D200F3B5EB /* Link.m in Sources */ = {isa = PBXBuildFile; fileRef = F1F8F3291B9A27D200F3B5EB /* Link.m */; };
		F1F8F3731B9A27D200F3B5EB /* Logs.m in Sources */ = {isa = PBXBuildFile; fileRef = F1F8F32B1B9A27D200F3B5EB /* Logs.m */; };
		F1F8F3861B9A27D200F3B5EB /* settingsTableViewCell.m in Sources */ = {isa = PBXBuildFile; fileRef = F1F8F3491B9A27D200F3B5EB /* settingsTableViewCell.m */; };
		F1F8F3871B9A27D200F3B5EB /* linkTableViewCell.m in Sources */ = {isa = PBXBuildFile; fileRef = F1F8F34C1B9A27D200F3B5EB /* linkTableViewCell.m */; };
		F1F8F3881B9A27D200F3B5EB /* messagesTableViewCell.m in Sources */ = {isa = PBXBuildFile; fileRef = F1F8F34E1B9A27D200F3B5EB /* messagesTableViewCell.m */; };
		F1F8F3891B9A27D200F3B5EB /* reactionTableViewCell.m in Sources */ = {isa = PBXBuildFile; fileRef = F1F8F3501B9A27D200F3B5EB /* reactionTableViewCell.m */; };
		F1F8F38A1B9A27D200F3B5EB /* SearchBarNoCancel.m in Sources */ = {isa = PBXBuildFile; fileRef = F1F8F3531B9A27D200F3B5EB /* SearchBarNoCancel.m */; };
		F1F8F38B1B9A27D200F3B5EB /* YouTubeSearchBar.m in Sources */ = {isa = PBXBuildFile; fileRef = F1F8F3551B9A27D200F3B5EB /* YouTubeSearchBar.m */; };
		F1F8F38C1B9A27D200F3B5EB /* contactsTableViewCell.m in Sources */ = {isa = PBXBuildFile; fileRef = F1F8F3581B9A27D200F3B5EB /* contactsTableViewCell.m */; };
		F1F8F38D1B9A27D200F3B5EB /* videoTableViewCell.m in Sources */ = {isa = PBXBuildFile; fileRef = F1F8F35A1B9A27D200F3B5EB /* videoTableViewCell.m */; };
		F1F8F3A91B9A28AC00F3B5EB /* friendsViewController.xib in Resources */ = {isa = PBXBuildFile; fileRef = F1F8F3911B9A28AC00F3B5EB /* friendsViewController.xib */; };
		F1F8F3AA1B9A28AC00F3B5EB /* legalInfoViewController.xib in Resources */ = {isa = PBXBuildFile; fileRef = F1F8F3921B9A28AC00F3B5EB /* legalInfoViewController.xib */; };
		F1F8F3AB1B9A28AC00F3B5EB /* settingsViewController.xib in Resources */ = {isa = PBXBuildFile; fileRef = F1F8F3931B9A28AC00F3B5EB /* settingsViewController.xib */; };
		F1F8F3AC1B9A28AC00F3B5EB /* linkTableViewCell.xib in Resources */ = {isa = PBXBuildFile; fileRef = F1F8F3961B9A28AC00F3B5EB /* linkTableViewCell.xib */; };
		F1F8F3AD1B9A28AC00F3B5EB /* messagesTableViewCell.xib in Resources */ = {isa = PBXBuildFile; fileRef = F1F8F3971B9A28AC00F3B5EB /* messagesTableViewCell.xib */; };
		F1F8F3AE1B9A28AC00F3B5EB /* inboxViewController.xib in Resources */ = {isa = PBXBuildFile; fileRef = F1F8F3981B9A28AC00F3B5EB /* inboxViewController.xib */; };
		F1F8F3AF1B9A28AC00F3B5EB /* likeloveStatusViewController.xib in Resources */ = {isa = PBXBuildFile; fileRef = F1F8F3991B9A28AC00F3B5EB /* likeloveStatusViewController.xib */; };
		F1F8F3B01B9A28AC00F3B5EB /* linkViewController.xib in Resources */ = {isa = PBXBuildFile; fileRef = F1F8F39A1B9A28AC00F3B5EB /* linkViewController.xib */; };
		F1F8F3B11B9A28AC00F3B5EB /* replyViewController.xib in Resources */ = {isa = PBXBuildFile; fileRef = F1F8F39B1B9A28AC00F3B5EB /* replyViewController.xib */; };
		F1F8F3B21B9A28AC00F3B5EB /* MainWindow.xib in Resources */ = {isa = PBXBuildFile; fileRef = F1F8F39C1B9A28AC00F3B5EB /* MainWindow.xib */; };
		F1F8F3B31B9A28AC00F3B5EB /* findContactsViewController.xib in Resources */ = {isa = PBXBuildFile; fileRef = F1F8F39E1B9A28AC00F3B5EB /* findContactsViewController.xib */; };
		F1F8F3B41B9A28AC00F3B5EB /* pushNotifViewController.xib in Resources */ = {isa = PBXBuildFile; fileRef = F1F8F39F1B9A28AC00F3B5EB /* pushNotifViewController.xib */; };
		F1F8F3B51B9A28AC00F3B5EB /* contactsViewController.xib in Resources */ = {isa = PBXBuildFile; fileRef = F1F8F3A11B9A28AC00F3B5EB /* contactsViewController.xib */; };
		F1F8F3B61B9A28AC00F3B5EB /* searchResultsViewController.xib in Resources */ = {isa = PBXBuildFile; fileRef = F1F8F3A21B9A28AC00F3B5EB /* searchResultsViewController.xib */; };
		F1F8F3B71B9A28AC00F3B5EB /* searchResultsViewControlleriOS8.xib in Resources */ = {isa = PBXBuildFile; fileRef = F1F8F3A31B9A28AC00F3B5EB /* searchResultsViewControlleriOS8.xib */; };
		F1F8F3B81B9A28AC00F3B5EB /* searchViewController.xib in Resources */ = {isa = PBXBuildFile; fileRef = F1F8F3A41B9A28AC00F3B5EB /* searchViewController.xib */; };
		F1F8F3B91B9A28AC00F3B5EB /* songInfoViewController.xib in Resources */ = {isa = PBXBuildFile; fileRef = F1F8F3A51B9A28AC00F3B5EB /* songInfoViewController.xib */; };
		F1F8F3BA1B9A28AC00F3B5EB /* DefaultSettingsViewController.xib in Resources */ = {isa = PBXBuildFile; fileRef = F1F8F3A71B9A28AC00F3B5EB /* DefaultSettingsViewController.xib */; };
		F1F8F3BB1B9A28AC00F3B5EB /* verificationViewController.xib in Resources */ = {isa = PBXBuildFile; fileRef = F1F8F3A81B9A28AC00F3B5EB /* verificationViewController.xib */; };
		F1F8F3C31B9A28FA00F3B5EB /* main.m in Sources */ = {isa = PBXBuildFile; fileRef = F1F8F3BF1B9A28FA00F3B5EB /* main.m */; };
		F1F8F4271B9A29E200F3B5EB /* Credits.rtf in Resources */ = {isa = PBXBuildFile; fileRef = F1F8F3CE1B9A29E100F3B5EB /* Credits.rtf */; };
		F1F8F4281B9A29E200F3B5EB /* Privacy Policy.rtf in Resources */ = {isa = PBXBuildFile; fileRef = F1F8F3CF1B9A29E100F3B5EB /* Privacy Policy.rtf */; };
		F1F8F4291B9A29E200F3B5EB /* Terms of Use.rtf in Resources */ = {isa = PBXBuildFile; fileRef = F1F8F3D01B9A29E100F3B5EB /* Terms of Use.rtf */; };
		F1F8F42A1B9A29E200F3B5EB /* icon_app_120.png in Resources */ = {isa = PBXBuildFile; fileRef = F1F8F3D31B9A29E100F3B5EB /* icon_app_120.png */; };
		F1F8F42B1B9A29E200F3B5EB /* icon_app_180.png in Resources */ = {isa = PBXBuildFile; fileRef = F1F8F3D41B9A29E100F3B5EB /* icon_app_180.png */; };
		F1F8F42C1B9A29E200F3B5EB /* icon_app_58.png in Resources */ = {isa = PBXBuildFile; fileRef = F1F8F3D51B9A29E100F3B5EB /* icon_app_58.png */; };
		F1F8F42D1B9A29E200F3B5EB /* icon_app_80.png in Resources */ = {isa = PBXBuildFile; fileRef = F1F8F3D61B9A29E100F3B5EB /* icon_app_80.png */; };
		F1F8F42F1B9A29E200F3B5EB /* Back.png in Resources */ = {isa = PBXBuildFile; fileRef = F1F8F3DA1B9A29E100F3B5EB /* Back.png */; };
		F1F8F4331B9A29E200F3B5EB /* iconTick.png in Resources */ = {isa = PBXBuildFile; fileRef = F1F8F3E01B9A29E100F3B5EB /* iconTick.png */; };
		F1F8F4341B9A29E200F3B5EB /* iconTickSelected.png in Resources */ = {isa = PBXBuildFile; fileRef = F1F8F3E11B9A29E100F3B5EB /* iconTickSelected.png */; };
		F1F8F4371B9A29E200F3B5EB /* login-button-small-pressed.png in Resources */ = {isa = PBXBuildFile; fileRef = F1F8F3E61B9A29E100F3B5EB /* login-button-small-pressed.png */; };
		F1F8F4381B9A29E200F3B5EB /* login-button-small.png in Resources */ = {isa = PBXBuildFile; fileRef = F1F8F3E71B9A29E100F3B5EB /* login-button-small.png */; };
		F1F8F43D1B9A29E200F3B5EB /* buttonAddFriend.png in Resources */ = {isa = PBXBuildFile; fileRef = F1F8F3EE1B9A29E100F3B5EB /* buttonAddFriend.png */; };
		F1F8F43E1B9A29E200F3B5EB /* buttonAddFriendSelected.png in Resources */ = {isa = PBXBuildFile; fileRef = F1F8F3EF1B9A29E100F3B5EB /* buttonAddFriendSelected.png */; };
		F1F8F43F1B9A29E200F3B5EB /* buttonRequest.png in Resources */ = {isa = PBXBuildFile; fileRef = F1F8F3F01B9A29E100F3B5EB /* buttonRequest.png */; };
		F1F8F4401B9A29E200F3B5EB /* buttonRequestSelected.png in Resources */ = {isa = PBXBuildFile; fileRef = F1F8F3F11B9A29E100F3B5EB /* buttonRequestSelected.png */; };
		F1F8F4411B9A29E200F3B5EB /* Default-568h@2x.png in Resources */ = {isa = PBXBuildFile; fileRef = F1F8F3F31B9A29E200F3B5EB /* Default-568h@2x.png */; };
		F1F8F4421B9A29E200F3B5EB /* LaunchImage-568h@2x.png in Resources */ = {isa = PBXBuildFile; fileRef = F1F8F3F41B9A29E200F3B5EB /* LaunchImage-568h@2x.png */; };
		F1F8F4431B9A29E200F3B5EB /* LaunchImage@2x.png in Resources */ = {isa = PBXBuildFile; fileRef = F1F8F3F51B9A29E200F3B5EB /* LaunchImage@2x.png */; };
		F1F8F4441B9A29E200F3B5EB /* iPhoneMessages.png in Resources */ = {isa = PBXBuildFile; fileRef = F1F8F3F71B9A29E200F3B5EB /* iPhoneMessages.png */; };
		F1F8F4481B9A29E200F3B5EB /* glyphicons_173_play.png in Resources */ = {isa = PBXBuildFile; fileRef = F1F8F3FD1B9A29E200F3B5EB /* glyphicons_173_play.png */; };
		F1F8F4491B9A29E200F3B5EB /* glyphicons_174_pause.png in Resources */ = {isa = PBXBuildFile; fileRef = F1F8F3FE1B9A29E200F3B5EB /* glyphicons_174_pause.png */; };
		F1F8F44B1B9A29E200F3B5EB /* AddressBook4.jpg in Resources */ = {isa = PBXBuildFile; fileRef = F1F8F4011B9A29E200F3B5EB /* AddressBook4.jpg */; };
		F1F8F44C1B9A29E200F3B5EB /* AddressBook5.jpg in Resources */ = {isa = PBXBuildFile; fileRef = F1F8F4021B9A29E200F3B5EB /* AddressBook5.jpg */; };
		F1F8F44D1B9A29E200F3B5EB /* PushNotifBadge.jpg in Resources */ = {isa = PBXBuildFile; fileRef = F1F8F4031B9A29E200F3B5EB /* PushNotifBadge.jpg */; };
		F1F8F44E1B9A29E200F3B5EB /* MagnifyingGlass.png in Resources */ = {isa = PBXBuildFile; fileRef = F1F8F4051B9A29E200F3B5EB /* MagnifyingGlass.png */; };
		F1F8F4511B9A29E200F3B5EB /* glyphicons_136_cogwheel.png in Resources */ = {isa = PBXBuildFile; fileRef = F1F8F40A1B9A29E200F3B5EB /* glyphicons_136_cogwheel.png */; };
		F1F8F4561B9A29E200F3B5EB /* Closed-Mail.png in Resources */ = {isa = PBXBuildFile; fileRef = F1F8F4111B9A29E200F3B5EB /* Closed-Mail.png */; };
		F1F8F4581B9A29E200F3B5EB /* glyphicons_043_group.png in Resources */ = {isa = PBXBuildFile; fileRef = F1F8F4131B9A29E200F3B5EB /* glyphicons_043_group.png */; };
		F1F8F45A1B9A29E200F3B5EB /* Radio-Tower.png in Resources */ = {isa = PBXBuildFile; fileRef = F1F8F4151B9A29E200F3B5EB /* Radio-Tower.png */; };
		F1F8F4621B9A29E200F3B5EB /* glyphicons_012_heart.png in Resources */ = {isa = PBXBuildFile; fileRef = F1F8F41F1B9A29E200F3B5EB /* glyphicons_012_heart.png */; };
		F1F8F4631B9A29E200F3B5EB /* glyphicons_019_heart_empty.png in Resources */ = {isa = PBXBuildFile; fileRef = F1F8F4201B9A29E200F3B5EB /* glyphicons_019_heart_empty.png */; };
		F1F8F4641B9A29E200F3B5EB /* glyphicons_048_dislikes.png in Resources */ = {isa = PBXBuildFile; fileRef = F1F8F4211B9A29E200F3B5EB /* glyphicons_048_dislikes.png */; };
		F1F8F4651B9A29E200F3B5EB /* glyphicons_049_star.png in Resources */ = {isa = PBXBuildFile; fileRef = F1F8F4221B9A29E200F3B5EB /* glyphicons_049_star.png */; };
		F1F8F4661B9A29E200F3B5EB /* glyphicons_211_right_arrow.png in Resources */ = {isa = PBXBuildFile; fileRef = F1F8F4231B9A29E200F3B5EB /* glyphicons_211_right_arrow.png */; };
		F1F8F4671B9A29E200F3B5EB /* glyphicons_244_conversation.png in Resources */ = {isa = PBXBuildFile; fileRef = F1F8F4241B9A29E200F3B5EB /* glyphicons_244_conversation.png */; };
		F1F8F4681B9A29E200F3B5EB /* glyphicons_343_thumbs_up.png in Resources */ = {isa = PBXBuildFile; fileRef = F1F8F4251B9A29E200F3B5EB /* glyphicons_343_thumbs_up.png */; };
		F1F8F4691B9A29E200F3B5EB /* glyphicons_343_thumbs_up_selected.png in Resources */ = {isa = PBXBuildFile; fileRef = F1F8F4261B9A29E200F3B5EB /* glyphicons_343_thumbs_up_selected.png */; };
		F1F8F4761B9A2E1200F3B5EB /* NSLogExtension.m in Sources */ = {isa = PBXBuildFile; fileRef = F1F8F4721B9A2E1200F3B5EB /* NSLogExtension.m */; };
		F1F8F4771B9A2E1200F3B5EB /* Reachability.m in Sources */ = {isa = PBXBuildFile; fileRef = F1F8F4751B9A2E1200F3B5EB /* Reachability.m */; };
		F1FF125119BA885C00FBAD8C /* Images.xcassets in Resources */ = {isa = PBXBuildFile; fileRef = F1FF125019BA885C00FBAD8C /* Images.xcassets */; };
/* End PBXBuildFile section */

/* Begin PBXContainerItemProxy section */
		F158476B194F924D005EAB1B /* PBXContainerItemProxy */ = {
			isa = PBXContainerItemProxy;
			containerPortal = F1584764194F924C005EAB1B /* GTL.xcodeproj */;
			proxyType = 2;
			remoteGlobalIDString = 4F38F6A60B66E91D00B24B81;
			remoteInfo = GTLFramework;
		};
		F158476D194F924D005EAB1B /* PBXContainerItemProxy */ = {
			isa = PBXContainerItemProxy;
			containerPortal = F1584764194F924C005EAB1B /* GTL.xcodeproj */;
			proxyType = 2;
			remoteGlobalIDString = 4F12027C11A4CA2F00BEB470;
			remoteInfo = GTLTouchStaticLib;
		};
		F158476F194F924D005EAB1B /* PBXContainerItemProxy */ = {
			isa = PBXContainerItemProxy;
			containerPortal = F1584764194F924C005EAB1B /* GTL.xcodeproj */;
			proxyType = 2;
			remoteGlobalIDString = 4F12027D11A4CA2F00BEB470;
			remoteInfo = GTLUnitTests;
		};
		F1584771194F924D005EAB1B /* PBXContainerItemProxy */ = {
			isa = PBXContainerItemProxy;
			containerPortal = F1584764194F924C005EAB1B /* GTL.xcodeproj */;
			proxyType = 2;
			remoteGlobalIDString = 4F1AD9020B71603F00DC0485;
			remoteInfo = DevelopmentTestTool;
		};
/* End PBXContainerItemProxy section */

/* Begin PBXFileReference section */
		1D30AB110D05D00D00671497 /* Foundation.framework */ = {isa = PBXFileReference; lastKnownFileType = wrapper.framework; name = Foundation.framework; path = System/Library/Frameworks/Foundation.framework; sourceTree = SDKROOT; };
		1D6058910D05DD3D006BFB54 /* LinkMeUp.app */ = {isa = PBXFileReference; explicitFileType = wrapper.application; includeInIndex = 0; path = LinkMeUp.app; sourceTree = BUILT_PRODUCTS_DIR; };
		1DF5F4DF0D08C38300B7A737 /* UIKit.framework */ = {isa = PBXFileReference; lastKnownFileType = wrapper.framework; name = UIKit.framework; path = System/Library/Frameworks/UIKit.framework; sourceTree = SDKROOT; };
		288765A40DF7441C002DB57D /* CoreGraphics.framework */ = {isa = PBXFileReference; lastKnownFileType = wrapper.framework; name = CoreGraphics.framework; path = System/Library/Frameworks/CoreGraphics.framework; sourceTree = SDKROOT; };
		51D5905918CEC53F006D1C06 /* libstdc++.dylib */ = {isa = PBXFileReference; lastKnownFileType = "compiled.mach-o.dylib"; name = "libstdc++.dylib"; path = "usr/lib/libstdc++.dylib"; sourceTree = SDKROOT; };
		51F573EA187F9B5300B85689 /* libstdc++.6.0.9.dylib */ = {isa = PBXFileReference; lastKnownFileType = "compiled.mach-o.dylib"; name = "libstdc++.6.0.9.dylib"; path = "usr/lib/libstdc++.6.0.9.dylib"; sourceTree = SDKROOT; };
		9AC8898913A69876002C92D4 /* AVFoundation.framework */ = {isa = PBXFileReference; lastKnownFileType = wrapper.framework; name = AVFoundation.framework; path = System/Library/Frameworks/AVFoundation.framework; sourceTree = SDKROOT; };
		9AC8899013A69880002C92D4 /* AudioToolbox.framework */ = {isa = PBXFileReference; lastKnownFileType = wrapper.framework; name = AudioToolbox.framework; path = System/Library/Frameworks/AudioToolbox.framework; sourceTree = SDKROOT; };
		9AC88A0013A6A4B4002C92D4 /* MediaPlayer.framework */ = {isa = PBXFileReference; lastKnownFileType = wrapper.framework; name = MediaPlayer.framework; path = System/Library/Frameworks/MediaPlayer.framework; sourceTree = SDKROOT; };
		9AC88A6E13A6ACEA002C92D4 /* libz.dylib */ = {isa = PBXFileReference; lastKnownFileType = "compiled.mach-o.dylib"; name = libz.dylib; path = usr/lib/libz.dylib; sourceTree = SDKROOT; };
		9AC88A7213A6AD1A002C92D4 /* CFNetwork.framework */ = {isa = PBXFileReference; lastKnownFileType = wrapper.framework; name = CFNetwork.framework; path = System/Library/Frameworks/CFNetwork.framework; sourceTree = SDKROOT; };
		9AC88A7B13A6AD2F002C92D4 /* MobileCoreServices.framework */ = {isa = PBXFileReference; lastKnownFileType = wrapper.framework; name = MobileCoreServices.framework; path = System/Library/Frameworks/MobileCoreServices.framework; sourceTree = SDKROOT; };
		9AC88A8213A6AD3A002C92D4 /* SystemConfiguration.framework */ = {isa = PBXFileReference; lastKnownFileType = wrapper.framework; name = SystemConfiguration.framework; path = System/Library/Frameworks/SystemConfiguration.framework; sourceTree = SDKROOT; };
		F12B14A11A75944300A722F7 /* AddressBookUI.framework */ = {isa = PBXFileReference; lastKnownFileType = wrapper.framework; name = AddressBookUI.framework; path = System/Library/Frameworks/AddressBookUI.framework; sourceTree = SDKROOT; };
		F12B56E0194E7F6C0017BF7F /* Security.framework */ = {isa = PBXFileReference; lastKnownFileType = wrapper.framework; name = Security.framework; path = System/Library/Frameworks/Security.framework; sourceTree = SDKROOT; };
		F1584764194F924C005EAB1B /* GTL.xcodeproj */ = {isa = PBXFileReference; lastKnownFileType = "wrapper.pb-project"; name = GTL.xcodeproj; path = trunk/Source/GTL.xcodeproj; sourceTree = "<group>"; };
		F158477619539981005EAB1B /* CoreLocation.framework */ = {isa = PBXFileReference; lastKnownFileType = wrapper.framework; name = CoreLocation.framework; path = System/Library/Frameworks/CoreLocation.framework; sourceTree = SDKROOT; };
		F158477819539994005EAB1B /* QuartzCore.framework */ = {isa = PBXFileReference; lastKnownFileType = wrapper.framework; name = QuartzCore.framework; path = System/Library/Frameworks/QuartzCore.framework; sourceTree = SDKROOT; };
		F158477E1953A0BC005EAB1B /* Social.framework */ = {isa = PBXFileReference; lastKnownFileType = wrapper.framework; name = Social.framework; path = System/Library/Frameworks/Social.framework; sourceTree = SDKROOT; };
		F15847801953A14F005EAB1B /* Twitter.framework */ = {isa = PBXFileReference; lastKnownFileType = wrapper.framework; name = Twitter.framework; path = System/Library/Frameworks/Twitter.framework; sourceTree = SDKROOT; };
		F15847821953A59C005EAB1B /* Accounts.framework */ = {isa = PBXFileReference; lastKnownFileType = wrapper.framework; name = Accounts.framework; path = System/Library/Frameworks/Accounts.framework; sourceTree = SDKROOT; };
		F15847841953A5B6005EAB1B /* AddressBook.framework */ = {isa = PBXFileReference; lastKnownFileType = wrapper.framework; name = AddressBook.framework; path = System/Library/Frameworks/AddressBook.framework; sourceTree = SDKROOT; };
		F1697B541A02CCBF00E0F9FD /* FacebookSDK.framework */ = {isa = PBXFileReference; lastKnownFileType = wrapper.framework; name = FacebookSDK.framework; path = Frameworks/FacebookSDK.framework; sourceTree = "<group>"; };
		F18704321B18E6BF007D8C00 /* MessageUI.framework */ = {isa = PBXFileReference; lastKnownFileType = wrapper.framework; name = MessageUI.framework; path = System/Library/Frameworks/MessageUI.framework; sourceTree = SDKROOT; };
		F1F38E4F1A02B95C00F07B44 /* Bolts.framework */ = {isa = PBXFileReference; lastKnownFileType = wrapper.framework; name = Bolts.framework; path = Frameworks/Bolts.framework; sourceTree = "<group>"; };
		F1F38E501A02B95C00F07B44 /* Parse.framework */ = {isa = PBXFileReference; lastKnownFileType = wrapper.framework; name = Parse.framework; path = Frameworks/Parse.framework; sourceTree = "<group>"; };
		F1F38E511A02B95C00F07B44 /* ParseFacebookUtils.framework */ = {isa = PBXFileReference; lastKnownFileType = wrapper.framework; name = ParseFacebookUtils.framework; path = Frameworks/ParseFacebookUtils.framework; sourceTree = "<group>"; };
		F1F8F2EF1B9A27D200F3B5EB /* LinkMeUpAppDelegate.h */ = {isa = PBXFileReference; fileEncoding = 4; lastKnownFileType = sourcecode.c.h; path = LinkMeUpAppDelegate.h; sourceTree = "<group>"; };
		F1F8F2F01B9A27D200F3B5EB /* LinkMeUpAppDelegate.m */ = {isa = PBXFileReference; fileEncoding = 4; lastKnownFileType = sourcecode.c.objc; path = LinkMeUpAppDelegate.m; sourceTree = "<group>"; };
		F1F8F2F21B9A27D200F3B5EB /* Constants.h */ = {isa = PBXFileReference; fileEncoding = 4; lastKnownFileType = sourcecode.c.h; path = Constants.h; sourceTree = "<group>"; };
		F1F8F2F31B9A27D200F3B5EB /* Constants.m */ = {isa = PBXFileReference; fileEncoding = 4; lastKnownFileType = sourcecode.c.objc; path = Constants.m; sourceTree = "<group>"; };
		F1F8F2F61B9A27D200F3B5EB /* friendsViewController.h */ = {isa = PBXFileReference; fileEncoding = 4; lastKnownFileType = sourcecode.c.h; path = friendsViewController.h; sourceTree = "<group>"; };
		F1F8F2F71B9A27D200F3B5EB /* friendsViewController.m */ = {isa = PBXFileReference; fileEncoding = 4; lastKnownFileType = sourcecode.c.objc; path = friendsViewController.m; sourceTree = "<group>"; };
		F1F8F2F81B9A27D200F3B5EB /* legalInfoViewController.h */ = {isa = PBXFileReference; fileEncoding = 4; lastKnownFileType = sourcecode.c.h; path = legalInfoViewController.h; sourceTree = "<group>"; };
		F1F8F2F91B9A27D200F3B5EB /* legalInfoViewController.m */ = {isa = PBXFileReference; fileEncoding = 4; lastKnownFileType = sourcecode.c.objc; path = legalInfoViewController.m; sourceTree = "<group>"; };
		F1F8F2FA1B9A27D200F3B5EB /* settingsViewController.h */ = {isa = PBXFileReference; fileEncoding = 4; lastKnownFileType = sourcecode.c.h; path = settingsViewController.h; sourceTree = "<group>"; };
		F1F8F2FB1B9A27D200F3B5EB /* settingsViewController.m */ = {isa = PBXFileReference; fileEncoding = 4; lastKnownFileType = sourcecode.c.objc; path = settingsViewController.m; sourceTree = "<group>"; };
		F1F8F2FE1B9A27D200F3B5EB /* likeloveStatusViewController.h */ = {isa = PBXFileReference; fileEncoding = 4; lastKnownFileType = sourcecode.c.h; path = likeloveStatusViewController.h; sourceTree = "<group>"; };
		F1F8F2FF1B9A27D200F3B5EB /* likeloveStatusViewController.m */ = {isa = PBXFileReference; fileEncoding = 4; lastKnownFileType = sourcecode.c.objc; path = likeloveStatusViewController.m; sourceTree = "<group>"; };
		F1F8F3001B9A27D200F3B5EB /* replyViewController.h */ = {isa = PBXFileReference; fileEncoding = 4; lastKnownFileType = sourcecode.c.h; path = replyViewController.h; sourceTree = "<group>"; };
		F1F8F3011B9A27D200F3B5EB /* replyViewController.m */ = {isa = PBXFileReference; fileEncoding = 4; lastKnownFileType = sourcecode.c.objc; path = replyViewController.m; sourceTree = "<group>"; };
		F1F8F3021B9A27D200F3B5EB /* inboxViewController.h */ = {isa = PBXFileReference; fileEncoding = 4; lastKnownFileType = sourcecode.c.h; path = inboxViewController.h; sourceTree = "<group>"; };
		F1F8F3031B9A27D200F3B5EB /* inboxViewController.m */ = {isa = PBXFileReference; fileEncoding = 4; lastKnownFileType = sourcecode.c.objc; path = inboxViewController.m; sourceTree = "<group>"; };
		F1F8F3051B9A27D200F3B5EB /* linkViewController.h */ = {isa = PBXFileReference; fileEncoding = 4; lastKnownFileType = sourcecode.c.h; path = linkViewController.h; sourceTree = "<group>"; };
		F1F8F3061B9A27D200F3B5EB /* linkViewController.m */ = {isa = PBXFileReference; fileEncoding = 4; lastKnownFileType = sourcecode.c.objc; path = linkViewController.m; sourceTree = "<group>"; };
		F1F8F3071B9A27D200F3B5EB /* receivedLinkViewController.h */ = {isa = PBXFileReference; fileEncoding = 4; lastKnownFileType = sourcecode.c.h; path = receivedLinkViewController.h; sourceTree = "<group>"; };
		F1F8F3081B9A27D200F3B5EB /* receivedLinkViewController.m */ = {isa = PBXFileReference; fileEncoding = 4; lastKnownFileType = sourcecode.c.objc; path = receivedLinkViewController.m; sourceTree = "<group>"; };
		F1F8F3091B9A27D200F3B5EB /* sentLinkViewController.h */ = {isa = PBXFileReference; fileEncoding = 4; lastKnownFileType = sourcecode.c.h; path = sentLinkViewController.h; sourceTree = "<group>"; };
		F1F8F30A1B9A27D200F3B5EB /* sentLinkViewController.m */ = {isa = PBXFileReference; fileEncoding = 4; lastKnownFileType = sourcecode.c.objc; path = sentLinkViewController.m; sourceTree = "<group>"; };
		F1F8F30C1B9A27D200F3B5EB /* findContactsViewController.h */ = {isa = PBXFileReference; fileEncoding = 4; lastKnownFileType = sourcecode.c.h; path = findContactsViewController.h; sourceTree = "<group>"; };
		F1F8F30D1B9A27D200F3B5EB /* findContactsViewController.m */ = {isa = PBXFileReference; fileEncoding = 4; lastKnownFileType = sourcecode.c.objc; path = findContactsViewController.m; sourceTree = "<group>"; };
		F1F8F30E1B9A27D200F3B5EB /* pushNotifViewController.h */ = {isa = PBXFileReference; fileEncoding = 4; lastKnownFileType = sourcecode.c.h; path = pushNotifViewController.h; sourceTree = "<group>"; };
		F1F8F30F1B9A27D200F3B5EB /* pushNotifViewController.m */ = {isa = PBXFileReference; fileEncoding = 4; lastKnownFileType = sourcecode.c.objc; path = pushNotifViewController.m; sourceTree = "<group>"; };
		F1F8F3111B9A27D200F3B5EB /* contactsViewController.h */ = {isa = PBXFileReference; fileEncoding = 4; lastKnownFileType = sourcecode.c.h; path = contactsViewController.h; sourceTree = "<group>"; };
		F1F8F3121B9A27D200F3B5EB /* contactsViewController.m */ = {isa = PBXFileReference; fileEncoding = 4; lastKnownFileType = sourcecode.c.objc; path = contactsViewController.m; sourceTree = "<group>"; };
		F1F8F3131B9A27D200F3B5EB /* searchResultsViewController.h */ = {isa = PBXFileReference; fileEncoding = 4; lastKnownFileType = sourcecode.c.h; path = searchResultsViewController.h; sourceTree = "<group>"; };
		F1F8F3141B9A27D200F3B5EB /* searchResultsViewController.m */ = {isa = PBXFileReference; fileEncoding = 4; lastKnownFileType = sourcecode.c.objc; path = searchResultsViewController.m; sourceTree = "<group>"; };
		F1F8F3151B9A27D200F3B5EB /* searchViewController.h */ = {isa = PBXFileReference; fileEncoding = 4; lastKnownFileType = sourcecode.c.h; path = searchViewController.h; sourceTree = "<group>"; };
		F1F8F3161B9A27D200F3B5EB /* searchViewController.m */ = {isa = PBXFileReference; fileEncoding = 4; lastKnownFileType = sourcecode.c.objc; path = searchViewController.m; sourceTree = "<group>"; };
		F1F8F3171B9A27D200F3B5EB /* songInfoViewController.h */ = {isa = PBXFileReference; fileEncoding = 4; lastKnownFileType = sourcecode.c.h; path = songInfoViewController.h; sourceTree = "<group>"; };
		F1F8F3181B9A27D200F3B5EB /* songInfoViewController.m */ = {isa = PBXFileReference; fileEncoding = 4; lastKnownFileType = sourcecode.c.objc; path = songInfoViewController.m; sourceTree = "<group>"; };
		F1F8F31A1B9A27D200F3B5EB /* DefaultSettingsViewController.h */ = {isa = PBXFileReference; fileEncoding = 4; lastKnownFileType = sourcecode.c.h; path = DefaultSettingsViewController.h; sourceTree = "<group>"; };
		F1F8F31B1B9A27D200F3B5EB /* DefaultSettingsViewController.m */ = {isa = PBXFileReference; fileEncoding = 4; lastKnownFileType = sourcecode.c.objc; path = DefaultSettingsViewController.m; sourceTree = "<group>"; };
		F1F8F31C1B9A27D200F3B5EB /* myLogInViewController.h */ = {isa = PBXFileReference; fileEncoding = 4; lastKnownFileType = sourcecode.c.h; path = myLogInViewController.h; sourceTree = "<group>"; };
		F1F8F31D1B9A27D200F3B5EB /* myLogInViewController.m */ = {isa = PBXFileReference; fileEncoding = 4; lastKnownFileType = sourcecode.c.objc; path = myLogInViewController.m; sourceTree = "<group>"; };
		F1F8F31E1B9A27D200F3B5EB /* mySignUpViewController.h */ = {isa = PBXFileReference; fileEncoding = 4; lastKnownFileType = sourcecode.c.h; path = mySignUpViewController.h; sourceTree = "<group>"; };
		F1F8F31F1B9A27D200F3B5EB /* mySignUpViewController.m */ = {isa = PBXFileReference; fileEncoding = 4; lastKnownFileType = sourcecode.c.objc; path = mySignUpViewController.m; sourceTree = "<group>"; };
		F1F8F3201B9A27D200F3B5EB /* verificationViewController.h */ = {isa = PBXFileReference; fileEncoding = 4; lastKnownFileType = sourcecode.c.h; path = verificationViewController.h; sourceTree = "<group>"; };
		F1F8F3211B9A27D200F3B5EB /* verificationViewController.m */ = {isa = PBXFileReference; fileEncoding = 4; lastKnownFileType = sourcecode.c.objc; path = verificationViewController.m; sourceTree = "<group>"; };
		F1F8F3231B9A27D200F3B5EB /* Data.h */ = {isa = PBXFileReference; fileEncoding = 4; lastKnownFileType = sourcecode.c.h; path = Data.h; sourceTree = "<group>"; };
		F1F8F3241B9A27D200F3B5EB /* Data.m */ = {isa = PBXFileReference; fileEncoding = 4; lastKnownFileType = sourcecode.c.objc; path = Data.m; sourceTree = "<group>"; };
		F1F8F3261B9A27D200F3B5EB /* FriendRequest.h */ = {isa = PBXFileReference; fileEncoding = 4; lastKnownFileType = sourcecode.c.h; path = FriendRequest.h; sourceTree = "<group>"; };
		F1F8F3271B9A27D200F3B5EB /* FriendRequest.m */ = {isa = PBXFileReference; fileEncoding = 4; lastKnownFileType = sourcecode.c.objc; path = FriendRequest.m; sourceTree = "<group>"; };
		F1F8F3281B9A27D200F3B5EB /* Link.h */ = {isa = PBXFileReference; fileEncoding = 4; lastKnownFileType = sourcecode.c.h; path = Link.h; sourceTree = "<group>"; };
		F1F8F3291B9A27D200F3B5EB /* Link.m */ = {isa = PBXFileReference; fileEncoding = 4; lastKnownFileType = sourcecode.c.objc; path = Link.m; sourceTree = "<group>"; };
		F1F8F32A1B9A27D200F3B5EB /* Logs.h */ = {isa = PBXFileReference; fileEncoding = 4; lastKnownFileType = sourcecode.c.h; path = Logs.h; sourceTree = "<group>"; };
		F1F8F32B1B9A27D200F3B5EB /* Logs.m */ = {isa = PBXFileReference; fileEncoding = 4; lastKnownFileType = sourcecode.c.objc; path = Logs.m; sourceTree = "<group>"; };
		F1F8F3481B9A27D200F3B5EB /* settingsTableViewCell.h */ = {isa = PBXFileReference; fileEncoding = 4; lastKnownFileType = sourcecode.c.h; path = settingsTableViewCell.h; sourceTree = "<group>"; };
		F1F8F3491B9A27D200F3B5EB /* settingsTableViewCell.m */ = {isa = PBXFileReference; fileEncoding = 4; lastKnownFileType = sourcecode.c.objc; path = settingsTableViewCell.m; sourceTree = "<group>"; };
		F1F8F34B1B9A27D200F3B5EB /* linkTableViewCell.h */ = {isa = PBXFileReference; fileEncoding = 4; lastKnownFileType = sourcecode.c.h; path = linkTableViewCell.h; sourceTree = "<group>"; };
		F1F8F34C1B9A27D200F3B5EB /* linkTableViewCell.m */ = {isa = PBXFileReference; fileEncoding = 4; lastKnownFileType = sourcecode.c.objc; path = linkTableViewCell.m; sourceTree = "<group>"; };
		F1F8F34D1B9A27D200F3B5EB /* messagesTableViewCell.h */ = {isa = PBXFileReference; fileEncoding = 4; lastKnownFileType = sourcecode.c.h; path = messagesTableViewCell.h; sourceTree = "<group>"; };
		F1F8F34E1B9A27D200F3B5EB /* messagesTableViewCell.m */ = {isa = PBXFileReference; fileEncoding = 4; lastKnownFileType = sourcecode.c.objc; path = messagesTableViewCell.m; sourceTree = "<group>"; };
		F1F8F34F1B9A27D200F3B5EB /* reactionTableViewCell.h */ = {isa = PBXFileReference; fileEncoding = 4; lastKnownFileType = sourcecode.c.h; path = reactionTableViewCell.h; sourceTree = "<group>"; };
		F1F8F3501B9A27D200F3B5EB /* reactionTableViewCell.m */ = {isa = PBXFileReference; fileEncoding = 4; lastKnownFileType = sourcecode.c.objc; path = reactionTableViewCell.m; sourceTree = "<group>"; };
		F1F8F3521B9A27D200F3B5EB /* SearchBarNoCancel.h */ = {isa = PBXFileReference; fileEncoding = 4; lastKnownFileType = sourcecode.c.h; path = SearchBarNoCancel.h; sourceTree = "<group>"; };
		F1F8F3531B9A27D200F3B5EB /* SearchBarNoCancel.m */ = {isa = PBXFileReference; fileEncoding = 4; lastKnownFileType = sourcecode.c.objc; path = SearchBarNoCancel.m; sourceTree = "<group>"; };
		F1F8F3541B9A27D200F3B5EB /* YouTubeSearchBar.h */ = {isa = PBXFileReference; fileEncoding = 4; lastKnownFileType = sourcecode.c.h; path = YouTubeSearchBar.h; sourceTree = "<group>"; };
		F1F8F3551B9A27D200F3B5EB /* YouTubeSearchBar.m */ = {isa = PBXFileReference; fileEncoding = 4; lastKnownFileType = sourcecode.c.objc; path = YouTubeSearchBar.m; sourceTree = "<group>"; };
		F1F8F3571B9A27D200F3B5EB /* contactsTableViewCell.h */ = {isa = PBXFileReference; fileEncoding = 4; lastKnownFileType = sourcecode.c.h; path = contactsTableViewCell.h; sourceTree = "<group>"; };
		F1F8F3581B9A27D200F3B5EB /* contactsTableViewCell.m */ = {isa = PBXFileReference; fileEncoding = 4; lastKnownFileType = sourcecode.c.objc; path = contactsTableViewCell.m; sourceTree = "<group>"; };
		F1F8F3591B9A27D200F3B5EB /* videoTableViewCell.h */ = {isa = PBXFileReference; fileEncoding = 4; lastKnownFileType = sourcecode.c.h; path = videoTableViewCell.h; sourceTree = "<group>"; };
		F1F8F35A1B9A27D200F3B5EB /* videoTableViewCell.m */ = {isa = PBXFileReference; fileEncoding = 4; lastKnownFileType = sourcecode.c.objc; path = videoTableViewCell.m; sourceTree = "<group>"; };
		F1F8F3911B9A28AC00F3B5EB /* friendsViewController.xib */ = {isa = PBXFileReference; fileEncoding = 4; lastKnownFileType = file.xib; path = friendsViewController.xib; sourceTree = "<group>"; };
		F1F8F3921B9A28AC00F3B5EB /* legalInfoViewController.xib */ = {isa = PBXFileReference; fileEncoding = 4; lastKnownFileType = file.xib; path = legalInfoViewController.xib; sourceTree = "<group>"; };
		F1F8F3931B9A28AC00F3B5EB /* settingsViewController.xib */ = {isa = PBXFileReference; fileEncoding = 4; lastKnownFileType = file.xib; path = settingsViewController.xib; sourceTree = "<group>"; };
		F1F8F3961B9A28AC00F3B5EB /* linkTableViewCell.xib */ = {isa = PBXFileReference; fileEncoding = 4; lastKnownFileType = file.xib; path = linkTableViewCell.xib; sourceTree = "<group>"; };
		F1F8F3971B9A28AC00F3B5EB /* messagesTableViewCell.xib */ = {isa = PBXFileReference; fileEncoding = 4; lastKnownFileType = file.xib; path = messagesTableViewCell.xib; sourceTree = "<group>"; };
		F1F8F3981B9A28AC00F3B5EB /* inboxViewController.xib */ = {isa = PBXFileReference; fileEncoding = 4; lastKnownFileType = file.xib; path = inboxViewController.xib; sourceTree = "<group>"; };
		F1F8F3991B9A28AC00F3B5EB /* likeloveStatusViewController.xib */ = {isa = PBXFileReference; fileEncoding = 4; lastKnownFileType = file.xib; path = likeloveStatusViewController.xib; sourceTree = "<group>"; };
		F1F8F39A1B9A28AC00F3B5EB /* linkViewController.xib */ = {isa = PBXFileReference; fileEncoding = 4; lastKnownFileType = file.xib; path = linkViewController.xib; sourceTree = "<group>"; };
		F1F8F39B1B9A28AC00F3B5EB /* replyViewController.xib */ = {isa = PBXFileReference; fileEncoding = 4; lastKnownFileType = file.xib; path = replyViewController.xib; sourceTree = "<group>"; };
		F1F8F39C1B9A28AC00F3B5EB /* MainWindow.xib */ = {isa = PBXFileReference; fileEncoding = 4; lastKnownFileType = file.xib; path = MainWindow.xib; sourceTree = "<group>"; };
		F1F8F39E1B9A28AC00F3B5EB /* findContactsViewController.xib */ = {isa = PBXFileReference; fileEncoding = 4; lastKnownFileType = file.xib; path = findContactsViewController.xib; sourceTree = "<group>"; };
		F1F8F39F1B9A28AC00F3B5EB /* pushNotifViewController.xib */ = {isa = PBXFileReference; fileEncoding = 4; lastKnownFileType = file.xib; path = pushNotifViewController.xib; sourceTree = "<group>"; };
		F1F8F3A11B9A28AC00F3B5EB /* contactsViewController.xib */ = {isa = PBXFileReference; fileEncoding = 4; lastKnownFileType = file.xib; path = contactsViewController.xib; sourceTree = "<group>"; };
		F1F8F3A21B9A28AC00F3B5EB /* searchResultsViewController.xib */ = {isa = PBXFileReference; fileEncoding = 4; lastKnownFileType = file.xib; path = searchResultsViewController.xib; sourceTree = "<group>"; };
		F1F8F3A31B9A28AC00F3B5EB /* searchResultsViewControlleriOS8.xib */ = {isa = PBXFileReference; fileEncoding = 4; lastKnownFileType = file.xib; path = searchResultsViewControlleriOS8.xib; sourceTree = "<group>"; };
		F1F8F3A41B9A28AC00F3B5EB /* searchViewController.xib */ = {isa = PBXFileReference; fileEncoding = 4; lastKnownFileType = file.xib; path = searchViewController.xib; sourceTree = "<group>"; };
		F1F8F3A51B9A28AC00F3B5EB /* songInfoViewController.xib */ = {isa = PBXFileReference; fileEncoding = 4; lastKnownFileType = file.xib; path = songInfoViewController.xib; sourceTree = "<group>"; };
		F1F8F3A71B9A28AC00F3B5EB /* DefaultSettingsViewController.xib */ = {isa = PBXFileReference; fileEncoding = 4; lastKnownFileType = file.xib; path = DefaultSettingsViewController.xib; sourceTree = "<group>"; };
		F1F8F3A81B9A28AC00F3B5EB /* verificationViewController.xib */ = {isa = PBXFileReference; fileEncoding = 4; lastKnownFileType = file.xib; path = verificationViewController.xib; sourceTree = "<group>"; };
		F1F8F3BF1B9A28FA00F3B5EB /* main.m */ = {isa = PBXFileReference; fileEncoding = 4; lastKnownFileType = sourcecode.c.objc; path = main.m; sourceTree = "<group>"; };
		F1F8F3CE1B9A29E100F3B5EB /* Credits.rtf */ = {isa = PBXFileReference; fileEncoding = 4; lastKnownFileType = text.rtf; path = Credits.rtf; sourceTree = "<group>"; };
		F1F8F3CF1B9A29E100F3B5EB /* Privacy Policy.rtf */ = {isa = PBXFileReference; fileEncoding = 4; lastKnownFileType = text.rtf; path = "Privacy Policy.rtf"; sourceTree = "<group>"; };
		F1F8F3D01B9A29E100F3B5EB /* Terms of Use.rtf */ = {isa = PBXFileReference; fileEncoding = 4; lastKnownFileType = text.rtf; path = "Terms of Use.rtf"; sourceTree = "<group>"; };
		F1F8F3D31B9A29E100F3B5EB /* icon_app_120.png */ = {isa = PBXFileReference; lastKnownFileType = image.png; path = icon_app_120.png; sourceTree = "<group>"; };
		F1F8F3D41B9A29E100F3B5EB /* icon_app_180.png */ = {isa = PBXFileReference; lastKnownFileType = image.png; path = icon_app_180.png; sourceTree = "<group>"; };
		F1F8F3D51B9A29E100F3B5EB /* icon_app_58.png */ = {isa = PBXFileReference; lastKnownFileType = image.png; path = icon_app_58.png; sourceTree = "<group>"; };
		F1F8F3D61B9A29E100F3B5EB /* icon_app_80.png */ = {isa = PBXFileReference; lastKnownFileType = image.png; path = icon_app_80.png; sourceTree = "<group>"; };
		F1F8F3DA1B9A29E100F3B5EB /* Back.png */ = {isa = PBXFileReference; lastKnownFileType = image.png; path = Back.png; sourceTree = "<group>"; };
		F1F8F3E01B9A29E100F3B5EB /* iconTick.png */ = {isa = PBXFileReference; lastKnownFileType = image.png; path = iconTick.png; sourceTree = "<group>"; };
		F1F8F3E11B9A29E100F3B5EB /* iconTickSelected.png */ = {isa = PBXFileReference; lastKnownFileType = image.png; path = iconTickSelected.png; sourceTree = "<group>"; };
		F1F8F3E61B9A29E100F3B5EB /* login-button-small-pressed.png */ = {isa = PBXFileReference; lastKnownFileType = image.png; path = "login-button-small-pressed.png"; sourceTree = "<group>"; };
		F1F8F3E71B9A29E100F3B5EB /* login-button-small.png */ = {isa = PBXFileReference; lastKnownFileType = image.png; path = "login-button-small.png"; sourceTree = "<group>"; };
		F1F8F3EE1B9A29E100F3B5EB /* buttonAddFriend.png */ = {isa = PBXFileReference; lastKnownFileType = image.png; path = buttonAddFriend.png; sourceTree = "<group>"; };
		F1F8F3EF1B9A29E100F3B5EB /* buttonAddFriendSelected.png */ = {isa = PBXFileReference; lastKnownFileType = image.png; path = buttonAddFriendSelected.png; sourceTree = "<group>"; };
		F1F8F3F01B9A29E100F3B5EB /* buttonRequest.png */ = {isa = PBXFileReference; lastKnownFileType = image.png; path = buttonRequest.png; sourceTree = "<group>"; };
		F1F8F3F11B9A29E100F3B5EB /* buttonRequestSelected.png */ = {isa = PBXFileReference; lastKnownFileType = image.png; path = buttonRequestSelected.png; sourceTree = "<group>"; };
		F1F8F3F31B9A29E200F3B5EB /* Default-568h@2x.png */ = {isa = PBXFileReference; lastKnownFileType = image.png; path = "Default-568h@2x.png"; sourceTree = "<group>"; };
		F1F8F3F41B9A29E200F3B5EB /* LaunchImage-568h@2x.png */ = {isa = PBXFileReference; lastKnownFileType = image.png; path = "LaunchImage-568h@2x.png"; sourceTree = "<group>"; };
		F1F8F3F51B9A29E200F3B5EB /* LaunchImage@2x.png */ = {isa = PBXFileReference; lastKnownFileType = image.png; path = "LaunchImage@2x.png"; sourceTree = "<group>"; };
		F1F8F3F71B9A29E200F3B5EB /* iPhoneMessages.png */ = {isa = PBXFileReference; lastKnownFileType = image.png; path = iPhoneMessages.png; sourceTree = "<group>"; };
		F1F8F3FD1B9A29E200F3B5EB /* glyphicons_173_play.png */ = {isa = PBXFileReference; lastKnownFileType = image.png; path = glyphicons_173_play.png; sourceTree = "<group>"; };
		F1F8F3FE1B9A29E200F3B5EB /* glyphicons_174_pause.png */ = {isa = PBXFileReference; lastKnownFileType = image.png; path = glyphicons_174_pause.png; sourceTree = "<group>"; };
		F1F8F4011B9A29E200F3B5EB /* AddressBook4.jpg */ = {isa = PBXFileReference; lastKnownFileType = image.jpeg; path = AddressBook4.jpg; sourceTree = "<group>"; };
		F1F8F4021B9A29E200F3B5EB /* AddressBook5.jpg */ = {isa = PBXFileReference; lastKnownFileType = image.jpeg; path = AddressBook5.jpg; sourceTree = "<group>"; };
		F1F8F4031B9A29E200F3B5EB /* PushNotifBadge.jpg */ = {isa = PBXFileReference; lastKnownFileType = image.jpeg; path = PushNotifBadge.jpg; sourceTree = "<group>"; };
		F1F8F4051B9A29E200F3B5EB /* MagnifyingGlass.png */ = {isa = PBXFileReference; lastKnownFileType = image.png; path = MagnifyingGlass.png; sourceTree = "<group>"; };
		F1F8F40A1B9A29E200F3B5EB /* glyphicons_136_cogwheel.png */ = {isa = PBXFileReference; lastKnownFileType = image.png; path = glyphicons_136_cogwheel.png; sourceTree = "<group>"; };
		F1F8F4111B9A29E200F3B5EB /* Closed-Mail.png */ = {isa = PBXFileReference; lastKnownFileType = image.png; path = "Closed-Mail.png"; sourceTree = "<group>"; };
		F1F8F4131B9A29E200F3B5EB /* glyphicons_043_group.png */ = {isa = PBXFileReference; lastKnownFileType = image.png; path = glyphicons_043_group.png; sourceTree = "<group>"; };
		F1F8F4151B9A29E200F3B5EB /* Radio-Tower.png */ = {isa = PBXFileReference; lastKnownFileType = image.png; path = "Radio-Tower.png"; sourceTree = "<group>"; };
		F1F8F41F1B9A29E200F3B5EB /* glyphicons_012_heart.png */ = {isa = PBXFileReference; lastKnownFileType = image.png; path = glyphicons_012_heart.png; sourceTree = "<group>"; };
		F1F8F4201B9A29E200F3B5EB /* glyphicons_019_heart_empty.png */ = {isa = PBXFileReference; lastKnownFileType = image.png; path = glyphicons_019_heart_empty.png; sourceTree = "<group>"; };
		F1F8F4211B9A29E200F3B5EB /* glyphicons_048_dislikes.png */ = {isa = PBXFileReference; lastKnownFileType = image.png; path = glyphicons_048_dislikes.png; sourceTree = "<group>"; };
		F1F8F4221B9A29E200F3B5EB /* glyphicons_049_star.png */ = {isa = PBXFileReference; lastKnownFileType = image.png; path = glyphicons_049_star.png; sourceTree = "<group>"; };
		F1F8F4231B9A29E200F3B5EB /* glyphicons_211_right_arrow.png */ = {isa = PBXFileReference; lastKnownFileType = image.png; path = glyphicons_211_right_arrow.png; sourceTree = "<group>"; };
		F1F8F4241B9A29E200F3B5EB /* glyphicons_244_conversation.png */ = {isa = PBXFileReference; lastKnownFileType = image.png; path = glyphicons_244_conversation.png; sourceTree = "<group>"; };
		F1F8F4251B9A29E200F3B5EB /* glyphicons_343_thumbs_up.png */ = {isa = PBXFileReference; lastKnownFileType = image.png; path = glyphicons_343_thumbs_up.png; sourceTree = "<group>"; };
		F1F8F4261B9A29E200F3B5EB /* glyphicons_343_thumbs_up_selected.png */ = {isa = PBXFileReference; lastKnownFileType = image.png; path = glyphicons_343_thumbs_up_selected.png; sourceTree = "<group>"; };
		F1F8F46D1B9A2D3600F3B5EB /* LinkMeUp_Prefix.pch */ = {isa = PBXFileReference; fileEncoding = 4; lastKnownFileType = sourcecode.c.h; path = LinkMeUp_Prefix.pch; sourceTree = "<group>"; };
		F1F8F46E1B9A2D9200F3B5EB /* LinkMeUp-Info.plist */ = {isa = PBXFileReference; fileEncoding = 4; lastKnownFileType = text.plist.xml; path = "LinkMeUp-Info.plist"; sourceTree = "<group>"; };
		F1F8F4711B9A2E1200F3B5EB /* NSLogExtension.h */ = {isa = PBXFileReference; fileEncoding = 4; lastKnownFileType = sourcecode.c.h; path = NSLogExtension.h; sourceTree = "<group>"; };
		F1F8F4721B9A2E1200F3B5EB /* NSLogExtension.m */ = {isa = PBXFileReference; fileEncoding = 4; lastKnownFileType = sourcecode.c.objc; path = NSLogExtension.m; sourceTree = "<group>"; };
		F1F8F4741B9A2E1200F3B5EB /* Reachability.h */ = {isa = PBXFileReference; fileEncoding = 4; lastKnownFileType = sourcecode.c.h; path = Reachability.h; sourceTree = "<group>"; };
		F1F8F4751B9A2E1200F3B5EB /* Reachability.m */ = {isa = PBXFileReference; fileEncoding = 4; lastKnownFileType = sourcecode.c.objc; path = Reachability.m; sourceTree = "<group>"; };
		F1FF125019BA885C00FBAD8C /* Images.xcassets */ = {isa = PBXFileReference; lastKnownFileType = folder; name = Images.xcassets; path = LinkMeUp/Images.xcassets; sourceTree = "<group>"; };
/* End PBXFileReference section */

/* Begin PBXFrameworksBuildPhase section */
		1D60588F0D05DD3D006BFB54 /* Frameworks */ = {
			isa = PBXFrameworksBuildPhase;
			buildActionMask = 2147483647;
			files = (
				F18704331B18E6BF007D8C00 /* MessageUI.framework in Frameworks */,
				F12B14A21A75944300A722F7 /* AddressBookUI.framework in Frameworks */,
				F12B14A01A75943E00A722F7 /* AddressBook.framework in Frameworks */,
				F15847831953A59C005EAB1B /* Accounts.framework in Frameworks */,
				F158477F1953A0BC005EAB1B /* Social.framework in Frameworks */,
				F158477D195399BF005EAB1B /* SystemConfiguration.framework in Frameworks */,
				F158477A195399AB005EAB1B /* Security.framework in Frameworks */,
				F158477919539994005EAB1B /* QuartzCore.framework in Frameworks */,
				F158477719539981005EAB1B /* CoreLocation.framework in Frameworks */,
				F1584773194F9266005EAB1B /* libGTLTouchStaticLib.a in Frameworks */,
				51D5905A18CEC53F006D1C06 /* libstdc++.dylib in Frameworks */,
				51F573EB187F9B5300B85689 /* libstdc++.6.0.9.dylib in Frameworks */,
				1D60589F0D05DD5A006BFB54 /* Foundation.framework in Frameworks */,
				F1F38E541A02B95C00F07B44 /* Parse.framework in Frameworks */,
				1DF5F4E00D08C38300B7A737 /* UIKit.framework in Frameworks */,
				F1697B551A02CCBF00E0F9FD /* FacebookSDK.framework in Frameworks */,
				288765A50DF7441C002DB57D /* CoreGraphics.framework in Frameworks */,
				9AC8898A13A69876002C92D4 /* AVFoundation.framework in Frameworks */,
				9AC8899113A69880002C92D4 /* AudioToolbox.framework in Frameworks */,
				9AC88A0113A6A4B4002C92D4 /* MediaPlayer.framework in Frameworks */,
				F1F38E531A02B95C00F07B44 /* Bolts.framework in Frameworks */,
				9AC88A6F13A6ACEA002C92D4 /* libz.dylib in Frameworks */,
				F1F38E551A02B95C00F07B44 /* ParseFacebookUtils.framework in Frameworks */,
				9AC88A7313A6AD1A002C92D4 /* CFNetwork.framework in Frameworks */,
				9AC88A7C13A6AD2F002C92D4 /* MobileCoreServices.framework in Frameworks */,
			);
			runOnlyForDeploymentPostprocessing = 0;
		};
/* End PBXFrameworksBuildPhase section */

/* Begin PBXGroup section */
		19C28FACFE9D520D11CA2CBB /* Products */ = {
			isa = PBXGroup;
			children = (
				1D6058910D05DD3D006BFB54 /* LinkMeUp.app */,
			);
			name = Products;
			sourceTree = "<group>";
		};
		29B97314FDCFA39411CA2CEA /* CustomTemplate */ = {
			isa = PBXGroup;
			children = (
				F1F8F2ED1B9A27D200F3B5EB /* Classes */,
				F1584764194F924C005EAB1B /* GTL.xcodeproj */,
				F1F8F3BC1B9A28FA00F3B5EB /* Supporting Files */,
				F1F8F38E1B9A28AC00F3B5EB /* Resources */,
				29B97317FDCFA39411CA2CEA /* Asset Catalog */,
				29B97323FDCFA39411CA2CEA /* Frameworks */,
				19C28FACFE9D520D11CA2CBB /* Products */,
			);
			name = CustomTemplate;
			sourceTree = "<group>";
		};
		29B97317FDCFA39411CA2CEA /* Asset Catalog */ = {
			isa = PBXGroup;
			children = (
				F1FF125019BA885C00FBAD8C /* Images.xcassets */,
			);
			name = "Asset Catalog";
			sourceTree = "<group>";
		};
		29B97323FDCFA39411CA2CEA /* Frameworks */ = {
			isa = PBXGroup;
			children = (
				F18704321B18E6BF007D8C00 /* MessageUI.framework */,
				F12B14A11A75944300A722F7 /* AddressBookUI.framework */,
				F1697B541A02CCBF00E0F9FD /* FacebookSDK.framework */,
				F1F38E4F1A02B95C00F07B44 /* Bolts.framework */,
				F1F38E501A02B95C00F07B44 /* Parse.framework */,
				F1F38E511A02B95C00F07B44 /* ParseFacebookUtils.framework */,
				F15847841953A5B6005EAB1B /* AddressBook.framework */,
				F15847821953A59C005EAB1B /* Accounts.framework */,
				F15847801953A14F005EAB1B /* Twitter.framework */,
				F158477E1953A0BC005EAB1B /* Social.framework */,
				F158477819539994005EAB1B /* QuartzCore.framework */,
				F158477619539981005EAB1B /* CoreLocation.framework */,
				F12B56E0194E7F6C0017BF7F /* Security.framework */,
				51D5905918CEC53F006D1C06 /* libstdc++.dylib */,
				51F573EA187F9B5300B85689 /* libstdc++.6.0.9.dylib */,
				9AC88A6E13A6ACEA002C92D4 /* libz.dylib */,
				9AC88A0013A6A4B4002C92D4 /* MediaPlayer.framework */,
				1DF5F4DF0D08C38300B7A737 /* UIKit.framework */,
				1D30AB110D05D00D00671497 /* Foundation.framework */,
				288765A40DF7441C002DB57D /* CoreGraphics.framework */,
				9AC8898913A69876002C92D4 /* AVFoundation.framework */,
				9AC8899013A69880002C92D4 /* AudioToolbox.framework */,
				9AC88A7213A6AD1A002C92D4 /* CFNetwork.framework */,
				9AC88A7B13A6AD2F002C92D4 /* MobileCoreServices.framework */,
				9AC88A8213A6AD3A002C92D4 /* SystemConfiguration.framework */,
			);
			name = Frameworks;
			sourceTree = "<group>";
		};
		F1584765194F924C005EAB1B /* Products */ = {
			isa = PBXGroup;
			children = (
				F158476C194F924D005EAB1B /* GTL.framework */,
				F158476E194F924D005EAB1B /* libGTLTouchStaticLib.a */,
				F1584770194F924D005EAB1B /* GTLUnitTests.xctest */,
				F1584772194F924D005EAB1B /* DevelopmentTestTool */,
			);
			name = Products;
			sourceTree = "<group>";
		};
		F1F8F2ED1B9A27D200F3B5EB /* Classes */ = {
			isa = PBXGroup;
			children = (
				F1F8F2EE1B9A27D200F3B5EB /* App Delegate */,
				F1F8F2F11B9A27D200F3B5EB /* Constants and Utils */,
				F1F8F2F41B9A27D200F3B5EB /* Controllers */,
				F1F8F3221B9A27D200F3B5EB /* Models */,
				F1F8F3461B9A27D200F3B5EB /* Views */,
				F1F8F4701B9A2E1200F3B5EB /* Server Logging */,
				F1F8F4731B9A2E1200F3B5EB /* Reachability */,
			);
			path = Classes;
			sourceTree = "<group>";
		};
		F1F8F2EE1B9A27D200F3B5EB /* App Delegate */ = {
			isa = PBXGroup;
			children = (
				F1F8F2EF1B9A27D200F3B5EB /* LinkMeUpAppDelegate.h */,
				F1F8F2F01B9A27D200F3B5EB /* LinkMeUpAppDelegate.m */,
			);
			path = "App Delegate";
			sourceTree = "<group>";
		};
		F1F8F2F11B9A27D200F3B5EB /* Constants and Utils */ = {
			isa = PBXGroup;
			children = (
				F1F8F2F21B9A27D200F3B5EB /* Constants.h */,
				F1F8F2F31B9A27D200F3B5EB /* Constants.m */,
			);
			path = "Constants and Utils";
			sourceTree = "<group>";
		};
		F1F8F2F41B9A27D200F3B5EB /* Controllers */ = {
			isa = PBXGroup;
			children = (
				F1F8F2F51B9A27D200F3B5EB /* Friends Tab */,
				F1F8F2FC1B9A27D200F3B5EB /* Inbox Tab */,
				F1F8F30B1B9A27D200F3B5EB /* Permissions */,
				F1F8F3101B9A27D200F3B5EB /* Send Link Tab */,
				F1F8F3191B9A27D200F3B5EB /* Setup and Launch */,
			);
			path = Controllers;
			sourceTree = "<group>";
		};
		F1F8F2F51B9A27D200F3B5EB /* Friends Tab */ = {
			isa = PBXGroup;
			children = (
				F1F8F2F61B9A27D200F3B5EB /* friendsViewController.h */,
				F1F8F2F71B9A27D200F3B5EB /* friendsViewController.m */,
				F1F8F2F81B9A27D200F3B5EB /* legalInfoViewController.h */,
				F1F8F2F91B9A27D200F3B5EB /* legalInfoViewController.m */,
				F1F8F2FA1B9A27D200F3B5EB /* settingsViewController.h */,
				F1F8F2FB1B9A27D200F3B5EB /* settingsViewController.m */,
			);
			path = "Friends Tab";
			sourceTree = "<group>";
		};
		F1F8F2FC1B9A27D200F3B5EB /* Inbox Tab */ = {
			isa = PBXGroup;
			children = (
				F1F8F2FD1B9A27D200F3B5EB /* Conversation */,
				F1F8F3021B9A27D200F3B5EB /* inboxViewController.h */,
				F1F8F3031B9A27D200F3B5EB /* inboxViewController.m */,
				F1F8F3041B9A27D200F3B5EB /* Link */,
			);
			path = "Inbox Tab";
			sourceTree = "<group>";
		};
		F1F8F2FD1B9A27D200F3B5EB /* Conversation */ = {
			isa = PBXGroup;
			children = (
				F1F8F2FE1B9A27D200F3B5EB /* likeloveStatusViewController.h */,
				F1F8F2FF1B9A27D200F3B5EB /* likeloveStatusViewController.m */,
				F1F8F3001B9A27D200F3B5EB /* replyViewController.h */,
				F1F8F3011B9A27D200F3B5EB /* replyViewController.m */,
			);
			path = Conversation;
			sourceTree = "<group>";
		};
		F1F8F3041B9A27D200F3B5EB /* Link */ = {
			isa = PBXGroup;
			children = (
				F1F8F3051B9A27D200F3B5EB /* linkViewController.h */,
				F1F8F3061B9A27D200F3B5EB /* linkViewController.m */,
				F1F8F3071B9A27D200F3B5EB /* receivedLinkViewController.h */,
				F1F8F3081B9A27D200F3B5EB /* receivedLinkViewController.m */,
				F1F8F3091B9A27D200F3B5EB /* sentLinkViewController.h */,
				F1F8F30A1B9A27D200F3B5EB /* sentLinkViewController.m */,
			);
			path = Link;
			sourceTree = "<group>";
		};
		F1F8F30B1B9A27D200F3B5EB /* Permissions */ = {
			isa = PBXGroup;
			children = (
				F1F8F30C1B9A27D200F3B5EB /* findContactsViewController.h */,
				F1F8F30D1B9A27D200F3B5EB /* findContactsViewController.m */,
				F1F8F30E1B9A27D200F3B5EB /* pushNotifViewController.h */,
				F1F8F30F1B9A27D200F3B5EB /* pushNotifViewController.m */,
			);
			path = Permissions;
			sourceTree = "<group>";
		};
		F1F8F3101B9A27D200F3B5EB /* Send Link Tab */ = {
			isa = PBXGroup;
			children = (
				F1F8F3111B9A27D200F3B5EB /* contactsViewController.h */,
				F1F8F3121B9A27D200F3B5EB /* contactsViewController.m */,
				F1F8F3131B9A27D200F3B5EB /* searchResultsViewController.h */,
				F1F8F3141B9A27D200F3B5EB /* searchResultsViewController.m */,
				F1F8F3151B9A27D200F3B5EB /* searchViewController.h */,
				F1F8F3161B9A27D200F3B5EB /* searchViewController.m */,
				F1F8F3171B9A27D200F3B5EB /* songInfoViewController.h */,
				F1F8F3181B9A27D200F3B5EB /* songInfoViewController.m */,
			);
			path = "Send Link Tab";
			sourceTree = "<group>";
		};
		F1F8F3191B9A27D200F3B5EB /* Setup and Launch */ = {
			isa = PBXGroup;
			children = (
				F1F8F31A1B9A27D200F3B5EB /* DefaultSettingsViewController.h */,
				F1F8F31B1B9A27D200F3B5EB /* DefaultSettingsViewController.m */,
				F1F8F31C1B9A27D200F3B5EB /* myLogInViewController.h */,
				F1F8F31D1B9A27D200F3B5EB /* myLogInViewController.m */,
				F1F8F31E1B9A27D200F3B5EB /* mySignUpViewController.h */,
				F1F8F31F1B9A27D200F3B5EB /* mySignUpViewController.m */,
				F1F8F3201B9A27D200F3B5EB /* verificationViewController.h */,
				F1F8F3211B9A27D200F3B5EB /* verificationViewController.m */,
			);
			path = "Setup and Launch";
			sourceTree = "<group>";
		};
		F1F8F3221B9A27D200F3B5EB /* Models */ = {
			isa = PBXGroup;
			children = (
				F1F8F3231B9A27D200F3B5EB /* Data.h */,
				F1F8F3241B9A27D200F3B5EB /* Data.m */,
				F1F8F3251B9A27D200F3B5EB /* Parse Classes */,
			);
			path = Models;
			sourceTree = "<group>";
		};
		F1F8F3251B9A27D200F3B5EB /* Parse Classes */ = {
			isa = PBXGroup;
			children = (
				F1F8F3261B9A27D200F3B5EB /* FriendRequest.h */,
				F1F8F3271B9A27D200F3B5EB /* FriendRequest.m */,
				F1F8F3281B9A27D200F3B5EB /* Link.h */,
				F1F8F3291B9A27D200F3B5EB /* Link.m */,
				F1F8F32A1B9A27D200F3B5EB /* Logs.h */,
				F1F8F32B1B9A27D200F3B5EB /* Logs.m */,
			);
			path = "Parse Classes";
			sourceTree = "<group>";
		};
		F1F8F3461B9A27D200F3B5EB /* Views */ = {
			isa = PBXGroup;
			children = (
				F1F8F3471B9A27D200F3B5EB /* Friends Tab */,
				F1F8F34A1B9A27D200F3B5EB /* Inbox Tab */,
				F1F8F3511B9A27D200F3B5EB /* Search Bars */,
				F1F8F3561B9A27D200F3B5EB /* Send Link Tab */,
			);
			path = Views;
			sourceTree = "<group>";
		};
		F1F8F3471B9A27D200F3B5EB /* Friends Tab */ = {
			isa = PBXGroup;
			children = (
				F1F8F3481B9A27D200F3B5EB /* settingsTableViewCell.h */,
				F1F8F3491B9A27D200F3B5EB /* settingsTableViewCell.m */,
			);
			path = "Friends Tab";
			sourceTree = "<group>";
		};
		F1F8F34A1B9A27D200F3B5EB /* Inbox Tab */ = {
			isa = PBXGroup;
			children = (
				F1F8F34B1B9A27D200F3B5EB /* linkTableViewCell.h */,
				F1F8F34C1B9A27D200F3B5EB /* linkTableViewCell.m */,
				F1F8F34D1B9A27D200F3B5EB /* messagesTableViewCell.h */,
				F1F8F34E1B9A27D200F3B5EB /* messagesTableViewCell.m */,
				F1F8F34F1B9A27D200F3B5EB /* reactionTableViewCell.h */,
				F1F8F3501B9A27D200F3B5EB /* reactionTableViewCell.m */,
			);
			path = "Inbox Tab";
			sourceTree = "<group>";
		};
		F1F8F3511B9A27D200F3B5EB /* Search Bars */ = {
			isa = PBXGroup;
			children = (
				F1F8F3521B9A27D200F3B5EB /* SearchBarNoCancel.h */,
				F1F8F3531B9A27D200F3B5EB /* SearchBarNoCancel.m */,
				F1F8F3541B9A27D200F3B5EB /* YouTubeSearchBar.h */,
				F1F8F3551B9A27D200F3B5EB /* YouTubeSearchBar.m */,
			);
			path = "Search Bars";
			sourceTree = "<group>";
		};
		F1F8F3561B9A27D200F3B5EB /* Send Link Tab */ = {
			isa = PBXGroup;
			children = (
				F1F8F3571B9A27D200F3B5EB /* contactsTableViewCell.h */,
				F1F8F3581B9A27D200F3B5EB /* contactsTableViewCell.m */,
				F1F8F3591B9A27D200F3B5EB /* videoTableViewCell.h */,
				F1F8F35A1B9A27D200F3B5EB /* videoTableViewCell.m */,
			);
			path = "Send Link Tab";
			sourceTree = "<group>";
		};
		F1F8F38E1B9A28AC00F3B5EB /* Resources */ = {
			isa = PBXGroup;
			children = (
				F1F8F3CD1B9A29E100F3B5EB /* Legal */,
				F1F8F3D11B9A29E100F3B5EB /* Images */,
				F1F8F38F1B9A28AC00F3B5EB /* XIB Files */,
			);
			path = Resources;
			sourceTree = "<group>";
		};
		F1F8F38F1B9A28AC00F3B5EB /* XIB Files */ = {
			isa = PBXGroup;
			children = (
				F1F8F3901B9A28AC00F3B5EB /* Friends Tab */,
				F1F8F3941B9A28AC00F3B5EB /* Inbox Tab */,
				F1F8F39C1B9A28AC00F3B5EB /* MainWindow.xib */,
				F1F8F39D1B9A28AC00F3B5EB /* Permissions */,
				F1F8F3A01B9A28AC00F3B5EB /* Send Link Tab */,
				F1F8F3A61B9A28AC00F3B5EB /* Signup and Launch */,
			);
			path = "XIB Files";
			sourceTree = "<group>";
		};
		F1F8F3901B9A28AC00F3B5EB /* Friends Tab */ = {
			isa = PBXGroup;
			children = (
				F1F8F3911B9A28AC00F3B5EB /* friendsViewController.xib */,
				F1F8F3921B9A28AC00F3B5EB /* legalInfoViewController.xib */,
				F1F8F3931B9A28AC00F3B5EB /* settingsViewController.xib */,
			);
			path = "Friends Tab";
			sourceTree = "<group>";
		};
		F1F8F3941B9A28AC00F3B5EB /* Inbox Tab */ = {
			isa = PBXGroup;
			children = (
				F1F8F3951B9A28AC00F3B5EB /* Cells */,
				F1F8F3981B9A28AC00F3B5EB /* inboxViewController.xib */,
				F1F8F3991B9A28AC00F3B5EB /* likeloveStatusViewController.xib */,
				F1F8F39A1B9A28AC00F3B5EB /* linkViewController.xib */,
				F1F8F39B1B9A28AC00F3B5EB /* replyViewController.xib */,
			);
			path = "Inbox Tab";
			sourceTree = "<group>";
		};
		F1F8F3951B9A28AC00F3B5EB /* Cells */ = {
			isa = PBXGroup;
			children = (
				F1F8F3961B9A28AC00F3B5EB /* linkTableViewCell.xib */,
				F1F8F3971B9A28AC00F3B5EB /* messagesTableViewCell.xib */,
			);
			path = Cells;
			sourceTree = "<group>";
		};
		F1F8F39D1B9A28AC00F3B5EB /* Permissions */ = {
			isa = PBXGroup;
			children = (
				F1F8F39E1B9A28AC00F3B5EB /* findContactsViewController.xib */,
				F1F8F39F1B9A28AC00F3B5EB /* pushNotifViewController.xib */,
			);
			path = Permissions;
			sourceTree = "<group>";
		};
		F1F8F3A01B9A28AC00F3B5EB /* Send Link Tab */ = {
			isa = PBXGroup;
			children = (
				F1F8F3A11B9A28AC00F3B5EB /* contactsViewController.xib */,
				F1F8F3A21B9A28AC00F3B5EB /* searchResultsViewController.xib */,
				F1F8F3A31B9A28AC00F3B5EB /* searchResultsViewControlleriOS8.xib */,
				F1F8F3A41B9A28AC00F3B5EB /* searchViewController.xib */,
				F1F8F3A51B9A28AC00F3B5EB /* songInfoViewController.xib */,
			);
			path = "Send Link Tab";
			sourceTree = "<group>";
		};
		F1F8F3A61B9A28AC00F3B5EB /* Signup and Launch */ = {
			isa = PBXGroup;
			children = (
				F1F8F3A71B9A28AC00F3B5EB /* DefaultSettingsViewController.xib */,
				F1F8F3A81B9A28AC00F3B5EB /* verificationViewController.xib */,
			);
			path = "Signup and Launch";
			sourceTree = "<group>";
		};
		F1F8F3BC1B9A28FA00F3B5EB /* Supporting Files */ = {
			isa = PBXGroup;
			children = (
				F1F8F46E1B9A2D9200F3B5EB /* LinkMeUp-Info.plist */,
				F1F8F46D1B9A2D3600F3B5EB /* LinkMeUp_Prefix.pch */,
				F1F8F3BF1B9A28FA00F3B5EB /* main.m */,
			);
			path = "Supporting Files";
			sourceTree = "<group>";
		};
		F1F8F3CD1B9A29E100F3B5EB /* Legal */ = {
			isa = PBXGroup;
			children = (
				F1F8F3CE1B9A29E100F3B5EB /* Credits.rtf */,
				F1F8F3CF1B9A29E100F3B5EB /* Privacy Policy.rtf */,
				F1F8F3D01B9A29E100F3B5EB /* Terms of Use.rtf */,
			);
			path = Legal;
			sourceTree = "<group>";
		};
		F1F8F3D11B9A29E100F3B5EB /* Images */ = {
			isa = PBXGroup;
			children = (
				F1F8F3D21B9A29E100F3B5EB /* App Icon */,
				F1F8F3D71B9A29E100F3B5EB /* Back Icon */,
				F1F8F3DC1B9A29E100F3B5EB /* Checkmark Icon */,
				F1F8F3E21B9A29E100F3B5EB /* FB Login Button */,
				F1F8F3E81B9A29E100F3B5EB /* Friend Buttons */,
				F1F8F3F21B9A29E200F3B5EB /* Launch Screen */,
				F1F8F3F61B9A29E200F3B5EB /* Messages Icons */,
				F1F8F3F81B9A29E200F3B5EB /* Playback Icons */,
				F1F8F4001B9A29E200F3B5EB /* Screenshots */,
				F1F8F4041B9A29E200F3B5EB /* Search Icon */,
				F1F8F4061B9A29E200F3B5EB /* Settings Icon */,
				F1F8F40C1B9A29E200F3B5EB /* Tabbar Icons */,
				F1F8F4161B9A29E200F3B5EB /* Toolbar Icons */,
			);
			path = Images;
			sourceTree = "<group>";
		};
		F1F8F3D21B9A29E100F3B5EB /* App Icon */ = {
			isa = PBXGroup;
			children = (
				F1F8F3D31B9A29E100F3B5EB /* icon_app_120.png */,
				F1F8F3D41B9A29E100F3B5EB /* icon_app_180.png */,
				F1F8F3D51B9A29E100F3B5EB /* icon_app_58.png */,
				F1F8F3D61B9A29E100F3B5EB /* icon_app_80.png */,
			);
			path = "App Icon";
			sourceTree = "<group>";
		};
		F1F8F3D71B9A29E100F3B5EB /* Back Icon */ = {
			isa = PBXGroup;
			children = (
				F1F8F3DA1B9A29E100F3B5EB /* Back.png */,
			);
			path = "Back Icon";
			sourceTree = "<group>";
		};
		F1F8F3DC1B9A29E100F3B5EB /* Checkmark Icon */ = {
			isa = PBXGroup;
			children = (
				F1F8F3E01B9A29E100F3B5EB /* iconTick.png */,
				F1F8F3E11B9A29E100F3B5EB /* iconTickSelected.png */,
			);
			path = "Checkmark Icon";
			sourceTree = "<group>";
		};
		F1F8F3E21B9A29E100F3B5EB /* FB Login Button */ = {
			isa = PBXGroup;
			children = (
				F1F8F3E61B9A29E100F3B5EB /* login-button-small-pressed.png */,
				F1F8F3E71B9A29E100F3B5EB /* login-button-small.png */,
			);
			path = "FB Login Button";
			sourceTree = "<group>";
		};
		F1F8F3E81B9A29E100F3B5EB /* Friend Buttons */ = {
			isa = PBXGroup;
			children = (
				F1F8F3EE1B9A29E100F3B5EB /* buttonAddFriend.png */,
				F1F8F3EF1B9A29E100F3B5EB /* buttonAddFriendSelected.png */,
				F1F8F3F01B9A29E100F3B5EB /* buttonRequest.png */,
				F1F8F3F11B9A29E100F3B5EB /* buttonRequestSelected.png */,
			);
			path = "Friend Buttons";
			sourceTree = "<group>";
		};
		F1F8F3F21B9A29E200F3B5EB /* Launch Screen */ = {
			isa = PBXGroup;
			children = (
				F1F8F3F31B9A29E200F3B5EB /* Default-568h@2x.png */,
				F1F8F3F41B9A29E200F3B5EB /* LaunchImage-568h@2x.png */,
				F1F8F3F51B9A29E200F3B5EB /* LaunchImage@2x.png */,
			);
			path = "Launch Screen";
			sourceTree = "<group>";
		};
		F1F8F3F61B9A29E200F3B5EB /* Messages Icons */ = {
			isa = PBXGroup;
			children = (
				F1F8F3F71B9A29E200F3B5EB /* iPhoneMessages.png */,
			);
			path = "Messages Icons";
			sourceTree = "<group>";
		};
		F1F8F3F81B9A29E200F3B5EB /* Playback Icons */ = {
			isa = PBXGroup;
			children = (
				F1F8F3FD1B9A29E200F3B5EB /* glyphicons_173_play.png */,
				F1F8F3FE1B9A29E200F3B5EB /* glyphicons_174_pause.png */,
			);
			path = "Playback Icons";
			sourceTree = "<group>";
		};
		F1F8F4001B9A29E200F3B5EB /* Screenshots */ = {
			isa = PBXGroup;
			children = (
				F1F8F4011B9A29E200F3B5EB /* AddressBook4.jpg */,
				F1F8F4021B9A29E200F3B5EB /* AddressBook5.jpg */,
				F1F8F4031B9A29E200F3B5EB /* PushNotifBadge.jpg */,
			);
			path = Screenshots;
			sourceTree = "<group>";
		};
		F1F8F4041B9A29E200F3B5EB /* Search Icon */ = {
			isa = PBXGroup;
			children = (
				F1F8F4051B9A29E200F3B5EB /* MagnifyingGlass.png */,
			);
			path = "Search Icon";
			sourceTree = "<group>";
		};
		F1F8F4061B9A29E200F3B5EB /* Settings Icon */ = {
			isa = PBXGroup;
			children = (
				F1F8F40A1B9A29E200F3B5EB /* glyphicons_136_cogwheel.png */,
			);
			path = "Settings Icon";
			sourceTree = "<group>";
		};
		F1F8F40C1B9A29E200F3B5EB /* Tabbar Icons */ = {
			isa = PBXGroup;
			children = (
				F1F8F4111B9A29E200F3B5EB /* Closed-Mail.png */,
				F1F8F4131B9A29E200F3B5EB /* glyphicons_043_group.png */,
				F1F8F4151B9A29E200F3B5EB /* Radio-Tower.png */,
			);
			path = "Tabbar Icons";
			sourceTree = "<group>";
		};
		F1F8F4161B9A29E200F3B5EB /* Toolbar Icons */ = {
			isa = PBXGroup;
			children = (
				F1F8F41F1B9A29E200F3B5EB /* glyphicons_012_heart.png */,
				F1F8F4201B9A29E200F3B5EB /* glyphicons_019_heart_empty.png */,
				F1F8F4211B9A29E200F3B5EB /* glyphicons_048_dislikes.png */,
				F1F8F4221B9A29E200F3B5EB /* glyphicons_049_star.png */,
				F1F8F4231B9A29E200F3B5EB /* glyphicons_211_right_arrow.png */,
				F1F8F4241B9A29E200F3B5EB /* glyphicons_244_conversation.png */,
				F1F8F4251B9A29E200F3B5EB /* glyphicons_343_thumbs_up.png */,
				F1F8F4261B9A29E200F3B5EB /* glyphicons_343_thumbs_up_selected.png */,
			);
			path = "Toolbar Icons";
			sourceTree = "<group>";
		};
		F1F8F4701B9A2E1200F3B5EB /* Server Logging */ = {
			isa = PBXGroup;
			children = (
				F1F8F4711B9A2E1200F3B5EB /* NSLogExtension.h */,
				F1F8F4721B9A2E1200F3B5EB /* NSLogExtension.m */,
			);
			path = "Server Logging";
			sourceTree = "<group>";
		};
		F1F8F4731B9A2E1200F3B5EB /* Reachability */ = {
			isa = PBXGroup;
			children = (
				F1F8F4741B9A2E1200F3B5EB /* Reachability.h */,
				F1F8F4751B9A2E1200F3B5EB /* Reachability.m */,
			);
			path = Reachability;
			sourceTree = "<group>";
		};
/* End PBXGroup section */

/* Begin PBXNativeTarget section */
		1D6058900D05DD3D006BFB54 /* LinkMeUp */ = {
			isa = PBXNativeTarget;
			buildConfigurationList = 1D6058960D05DD3E006BFB54 /* Build configuration list for PBXNativeTarget "LinkMeUp" */;
			buildPhases = (
				1D60588D0D05DD3D006BFB54 /* Resources */,
				1D60588E0D05DD3D006BFB54 /* Sources */,
				1D60588F0D05DD3D006BFB54 /* Frameworks */,
			);
			buildRules = (
			);
			dependencies = (
			);
			name = LinkMeUp;
			productName = echoprint;
			productReference = 1D6058910D05DD3D006BFB54 /* LinkMeUp.app */;
			productType = "com.apple.product-type.application";
		};
/* End PBXNativeTarget section */

/* Begin PBXProject section */
		29B97313FDCFA39411CA2CEA /* Project object */ = {
			isa = PBXProject;
			attributes = {
				LastUpgradeCheck = 0500;
				TargetAttributes = {
					1D6058900D05DD3D006BFB54 = {
						DevelopmentTeam = PFW5N3BMBW;
						SystemCapabilities = {
							com.apple.InAppPurchase = {
								enabled = 0;
							};
						};
					};
				};
			};
			buildConfigurationList = C01FCF4E08A954540054247B /* Build configuration list for PBXProject "LinkMeUp" */;
			compatibilityVersion = "Xcode 3.2";
			developmentRegion = English;
			hasScannedForEncodings = 1;
			knownRegions = (
				English,
				Japanese,
				French,
				German,
				en,
				he,
			);
			mainGroup = 29B97314FDCFA39411CA2CEA /* CustomTemplate */;
			projectDirPath = "";
			projectReferences = (
				{
					ProductGroup = F1584765194F924C005EAB1B /* Products */;
					ProjectRef = F1584764194F924C005EAB1B /* GTL.xcodeproj */;
				},
			);
			projectRoot = "";
			targets = (
				1D6058900D05DD3D006BFB54 /* LinkMeUp */,
			);
		};
/* End PBXProject section */

/* Begin PBXReferenceProxy section */
		F158476C194F924D005EAB1B /* GTL.framework */ = {
			isa = PBXReferenceProxy;
			fileType = wrapper.framework;
			path = GTL.framework;
			remoteRef = F158476B194F924D005EAB1B /* PBXContainerItemProxy */;
			sourceTree = BUILT_PRODUCTS_DIR;
		};
		F158476E194F924D005EAB1B /* libGTLTouchStaticLib.a */ = {
			isa = PBXReferenceProxy;
			fileType = archive.ar;
			path = libGTLTouchStaticLib.a;
			remoteRef = F158476D194F924D005EAB1B /* PBXContainerItemProxy */;
			sourceTree = BUILT_PRODUCTS_DIR;
		};
		F1584770194F924D005EAB1B /* GTLUnitTests.xctest */ = {
			isa = PBXReferenceProxy;
			fileType = wrapper.cfbundle;
			path = GTLUnitTests.xctest;
			remoteRef = F158476F194F924D005EAB1B /* PBXContainerItemProxy */;
			sourceTree = BUILT_PRODUCTS_DIR;
		};
		F1584772194F924D005EAB1B /* DevelopmentTestTool */ = {
			isa = PBXReferenceProxy;
			fileType = "compiled.mach-o.executable";
			path = DevelopmentTestTool;
			remoteRef = F1584771194F924D005EAB1B /* PBXContainerItemProxy */;
			sourceTree = BUILT_PRODUCTS_DIR;
		};
/* End PBXReferenceProxy section */

/* Begin PBXResourcesBuildPhase section */
		1D60588D0D05DD3D006BFB54 /* Resources */ = {
			isa = PBXResourcesBuildPhase;
			buildActionMask = 2147483647;
			files = (
				F1F8F3BA1B9A28AC00F3B5EB /* DefaultSettingsViewController.xib in Resources */,
				F1F8F4661B9A29E200F3B5EB /* glyphicons_211_right_arrow.png in Resources */,
				F1F8F4491B9A29E200F3B5EB /* glyphicons_174_pause.png in Resources */,
				F1F8F3AC1B9A28AC00F3B5EB /* linkTableViewCell.xib in Resources */,
				F1F8F3BB1B9A28AC00F3B5EB /* verificationViewController.xib in Resources */,
				F1F8F4671B9A29E200F3B5EB /* glyphicons_244_conversation.png in Resources */,
				F1F8F3B51B9A28AC00F3B5EB /* contactsViewController.xib in Resources */,
				F1F8F3A91B9A28AC00F3B5EB /* friendsViewController.xib in Resources */,
				F1F8F44D1B9A29E200F3B5EB /* PushNotifBadge.jpg in Resources */,
				F1F8F4651B9A29E200F3B5EB /* glyphicons_049_star.png in Resources */,
				F1F8F3B41B9A28AC00F3B5EB /* pushNotifViewController.xib in Resources */,
				F1F8F43D1B9A29E200F3B5EB /* buttonAddFriend.png in Resources */,
				F1F8F4641B9A29E200F3B5EB /* glyphicons_048_dislikes.png in Resources */,
				F1F8F4381B9A29E200F3B5EB /* login-button-small.png in Resources */,
				F1F8F4431B9A29E200F3B5EB /* LaunchImage@2x.png in Resources */,
				F1F8F3B01B9A28AC00F3B5EB /* linkViewController.xib in Resources */,
				F1F8F4691B9A29E200F3B5EB /* glyphicons_343_thumbs_up_selected.png in Resources */,
				F1F8F43F1B9A29E200F3B5EB /* buttonRequest.png in Resources */,
				F1F8F4291B9A29E200F3B5EB /* Terms of Use.rtf in Resources */,
				F1F8F4481B9A29E200F3B5EB /* glyphicons_173_play.png in Resources */,
				F1F8F3B91B9A28AC00F3B5EB /* songInfoViewController.xib in Resources */,
				F1F8F44B1B9A29E200F3B5EB /* AddressBook4.jpg in Resources */,
				F1F8F3B11B9A28AC00F3B5EB /* replyViewController.xib in Resources */,
				F1F8F4421B9A29E200F3B5EB /* LaunchImage-568h@2x.png in Resources */,
				F1F8F3B71B9A28AC00F3B5EB /* searchResultsViewControlleriOS8.xib in Resources */,
				F1F8F43E1B9A29E200F3B5EB /* buttonAddFriendSelected.png in Resources */,
				F1F8F42F1B9A29E200F3B5EB /* Back.png in Resources */,
				F1F8F4631B9A29E200F3B5EB /* glyphicons_019_heart_empty.png in Resources */,
				F1F8F3AF1B9A28AC00F3B5EB /* likeloveStatusViewController.xib in Resources */,
				F1F8F42A1B9A29E200F3B5EB /* icon_app_120.png in Resources */,
				F1F8F42B1B9A29E200F3B5EB /* icon_app_180.png in Resources */,
				F1F8F3AB1B9A28AC00F3B5EB /* settingsViewController.xib in Resources */,
				F1F8F3AD1B9A28AC00F3B5EB /* messagesTableViewCell.xib in Resources */,
				F1F8F4681B9A29E200F3B5EB /* glyphicons_343_thumbs_up.png in Resources */,
				F1F8F4411B9A29E200F3B5EB /* Default-568h@2x.png in Resources */,
				F1F8F3AA1B9A28AC00F3B5EB /* legalInfoViewController.xib in Resources */,
				F1FF125119BA885C00FBAD8C /* Images.xcassets in Resources */,
				F1F8F44E1B9A29E200F3B5EB /* MagnifyingGlass.png in Resources */,
				F1F8F3B21B9A28AC00F3B5EB /* MainWindow.xib in Resources */,
				F1F8F3B81B9A28AC00F3B5EB /* searchViewController.xib in Resources */,
				F1F8F4621B9A29E200F3B5EB /* glyphicons_012_heart.png in Resources */,
				F1F8F4441B9A29E200F3B5EB /* iPhoneMessages.png in Resources */,
				F1F8F4581B9A29E200F3B5EB /* glyphicons_043_group.png in Resources */,
				F1F8F4331B9A29E200F3B5EB /* iconTick.png in Resources */,
				F1F8F4281B9A29E200F3B5EB /* Privacy Policy.rtf in Resources */,
				F1F8F42D1B9A29E200F3B5EB /* icon_app_80.png in Resources */,
				F1F8F3B31B9A28AC00F3B5EB /* findContactsViewController.xib in Resources */,
				F1F8F4511B9A29E200F3B5EB /* glyphicons_136_cogwheel.png in Resources */,
				F1F8F45A1B9A29E200F3B5EB /* Radio-Tower.png in Resources */,
				F1F8F42C1B9A29E200F3B5EB /* icon_app_58.png in Resources */,
				F1F8F4271B9A29E200F3B5EB /* Credits.rtf in Resources */,
				F1F8F4401B9A29E200F3B5EB /* buttonRequestSelected.png in Resources */,
				F1F8F4561B9A29E200F3B5EB /* Closed-Mail.png in Resources */,
				F1F8F3B61B9A28AC00F3B5EB /* searchResultsViewController.xib in Resources */,
				F1F8F44C1B9A29E200F3B5EB /* AddressBook5.jpg in Resources */,
				F1F8F4341B9A29E200F3B5EB /* iconTickSelected.png in Resources */,
				F1F8F4371B9A29E200F3B5EB /* login-button-small-pressed.png in Resources */,
				F1F8F3AE1B9A28AC00F3B5EB /* inboxViewController.xib in Resources */,
			);
			runOnlyForDeploymentPostprocessing = 0;
		};
/* End PBXResourcesBuildPhase section */

/* Begin PBXSourcesBuildPhase section */
		1D60588E0D05DD3D006BFB54 /* Sources */ = {
			isa = PBXSourcesBuildPhase;
			buildActionMask = 2147483647;
			files = (
				F1F8F3701B9A27D200F3B5EB /* Data.m in Sources */,
				F1F8F3861B9A27D200F3B5EB /* settingsTableViewCell.m in Sources */,
				F1F8F36A1B9A27D200F3B5EB /* searchViewController.m in Sources */,
				F1F8F38B1B9A27D200F3B5EB /* YouTubeSearchBar.m in Sources */,
				F1F8F3651B9A27D200F3B5EB /* sentLinkViewController.m in Sources */,
				F1F8F3C31B9A28FA00F3B5EB /* main.m in Sources */,
				F1F8F3631B9A27D200F3B5EB /* linkViewController.m in Sources */,
				F1F8F3601B9A27D200F3B5EB /* likeloveStatusViewController.m in Sources */,
				F1F8F3671B9A27D200F3B5EB /* pushNotifViewController.m in Sources */,
				F1F8F3871B9A27D200F3B5EB /* linkTableViewCell.m in Sources */,
				F1F8F35E1B9A27D200F3B5EB /* legalInfoViewController.m in Sources */,
				F1F8F36E1B9A27D200F3B5EB /* mySignUpViewController.m in Sources */,
				F1F8F3891B9A27D200F3B5EB /* reactionTableViewCell.m in Sources */,
				F1F8F3691B9A27D200F3B5EB /* searchResultsViewController.m in Sources */,
				F1F8F35C1B9A27D200F3B5EB /* Constants.m in Sources */,
				F1F8F36F1B9A27D200F3B5EB /* verificationViewController.m in Sources */,
				F1F8F3711B9A27D200F3B5EB /* FriendRequest.m in Sources */,
				F1F8F36C1B9A27D200F3B5EB /* DefaultSettingsViewController.m in Sources */,
				F1F8F3721B9A27D200F3B5EB /* Link.m in Sources */,
				F1F8F38C1B9A27D200F3B5EB /* contactsTableViewCell.m in Sources */,
				F1F8F3621B9A27D200F3B5EB /* inboxViewController.m in Sources */,
				F1F8F36B1B9A27D200F3B5EB /* songInfoViewController.m in Sources */,
				F1F8F3881B9A27D200F3B5EB /* messagesTableViewCell.m in Sources */,
				F1F8F4761B9A2E1200F3B5EB /* NSLogExtension.m in Sources */,
				F1F8F3681B9A27D200F3B5EB /* contactsViewController.m in Sources */,
				F1F8F3661B9A27D200F3B5EB /* findContactsViewController.m in Sources */,
				F1F8F35F1B9A27D200F3B5EB /* settingsViewController.m in Sources */,
				F1F8F3611B9A27D200F3B5EB /* replyViewController.m in Sources */,
				F1F8F3641B9A27D200F3B5EB /* receivedLinkViewController.m in Sources */,
				F1F8F35B1B9A27D200F3B5EB /* LinkMeUpAppDelegate.m in Sources */,
				F1F8F38D1B9A27D200F3B5EB /* videoTableViewCell.m in Sources */,
				F1F8F36D1B9A27D200F3B5EB /* myLogInViewController.m in Sources */,
				F1F8F38A1B9A27D200F3B5EB /* SearchBarNoCancel.m in Sources */,
				F1F8F35D1B9A27D200F3B5EB /* friendsViewController.m in Sources */,
				F1F8F4771B9A2E1200F3B5EB /* Reachability.m in Sources */,
				F1F8F3731B9A27D200F3B5EB /* Logs.m in Sources */,
			);
			runOnlyForDeploymentPostprocessing = 0;
		};
/* End PBXSourcesBuildPhase section */

/* Begin XCBuildConfiguration section */
		1D6058940D05DD3E006BFB54 /* Debug */ = {
			isa = XCBuildConfiguration;
			buildSettings = {
				ALWAYS_SEARCH_USER_PATHS = YES;
				ASSETCATALOG_COMPILER_APPICON_NAME = AppIcon;
				ASSETCATALOG_COMPILER_LAUNCHIMAGE_NAME = LaunchImage;
				CLANG_CXX_LANGUAGE_STANDARD = "compiler-default";
				CLANG_CXX_LIBRARY = "compiler-default";
				CLANG_ENABLE_OBJC_ARC = YES;
				CODE_SIGN_IDENTITY = "iPhone Developer";
				"CODE_SIGN_IDENTITY[sdk=iphoneos*]" = "iPhone Developer";
				COPY_PHASE_STRIP = NO;
				FRAMEWORK_SEARCH_PATHS = (
					"$(inherited)",
					"$(PROJECT_DIR)/Classes",
					"$(PROJECT_DIR)",
					"$(PROJECT_DIR)/Frameworks",
				);
				GCC_C_LANGUAGE_STANDARD = "compiler-default";
				GCC_DYNAMIC_NO_PIC = NO;
				GCC_INPUT_FILETYPE = automatic;
				GCC_OPTIMIZATION_LEVEL = 0;
				GCC_PRECOMPILE_PREFIX_HEADER = YES;
				GCC_PREFIX_HEADER = "Supporting Files/LinkMeUp_Prefix.pch";
				GCC_PREPROCESSOR_DEFINITIONS = "DEBUG=1";
				INFOPLIST_FILE = "Supporting Files/LinkMeUp-Info.plist";
				IPHONEOS_DEPLOYMENT_TARGET = 7.0;
				LIBRARY_SEARCH_PATHS = (
					"$(inherited)",
					"\"$(SRCROOT)",
				);
				ONLY_ACTIVE_ARCH = YES;
				OTHER_LDFLAGS = (
					"-lxml2.2",
					"-lz.1",
					"-framework",
					CFNetwork,
					"-framework",
					CoreGraphics,
					"-framework",
					MobileCoreServices,
					"-framework",
					SystemConfiguration,
				);
				PRODUCT_NAME = LinkMeUp;
				PROVISIONING_PROFILE = "";
				TARGETED_DEVICE_FAMILY = 1;
				USER_HEADER_SEARCH_PATHS = "\"${SRCROOT}/trunk/Source\" \"${SRCROOT}/trunk/Source/Services/YouTube/Generated\" \"${SRCROOT}/trunk/Source/Objects\" \"${SRCROOT}/trunk/Source/HTTPFetcher\" \"${SRCROOT}/trunk/Source/Utilities\" \"${SRCROOT}/Pods\"";
				VALIDATE_PRODUCT = YES;
				VALID_ARCHS = "armv7 armv7s arm64";
			};
			name = Debug;
		};
		1D6058950D05DD3E006BFB54 /* Release */ = {
			isa = XCBuildConfiguration;
			buildSettings = {
				ALWAYS_SEARCH_USER_PATHS = YES;
				ASSETCATALOG_COMPILER_APPICON_NAME = AppIcon;
				ASSETCATALOG_COMPILER_LAUNCHIMAGE_NAME = LaunchImage;
				CLANG_CXX_LANGUAGE_STANDARD = "compiler-default";
				CLANG_CXX_LIBRARY = "compiler-default";
				CLANG_ENABLE_OBJC_ARC = YES;
				CODE_SIGN_IDENTITY = "iPhone Distribution";
				"CODE_SIGN_IDENTITY[sdk=iphoneos*]" = "iPhone Distribution";
				COPY_PHASE_STRIP = YES;
				FRAMEWORK_SEARCH_PATHS = (
					"$(inherited)",
					"$(PROJECT_DIR)/Classes",
					"$(PROJECT_DIR)",
					"$(PROJECT_DIR)/Frameworks",
				);
				GCC_C_LANGUAGE_STANDARD = "compiler-default";
				GCC_INPUT_FILETYPE = automatic;
				GCC_PRECOMPILE_PREFIX_HEADER = YES;
				GCC_PREFIX_HEADER = "Supporting Files/LinkMeUp_Prefix.pch";
				INFOPLIST_FILE = "Supporting Files/LinkMeUp-Info.plist";
				IPHONEOS_DEPLOYMENT_TARGET = 7.0;
				LIBRARY_SEARCH_PATHS = (
					"$(inherited)",
					"\"$(SRCROOT)",
				);
				ONLY_ACTIVE_ARCH = NO;
				OTHER_LDFLAGS = (
					"-lxml2.2",
					"-lz.1",
					"-framework",
					CFNetwork,
					"-framework",
					CoreGraphics,
					"-framework",
					MobileCoreServices,
					"-framework",
					SystemConfiguration,
				);
				PRODUCT_NAME = LinkMeUp;
				PROVISIONING_PROFILE = "";
				TARGETED_DEVICE_FAMILY = 1;
				USER_HEADER_SEARCH_PATHS = "\"${SRCROOT}/trunk/Source\" \"${SRCROOT}/trunk/Source/Services/YouTube/Generated\" \"${SRCROOT}/trunk/Source/Objects\" \"${SRCROOT}/trunk/Source/HTTPFetcher\" \"${SRCROOT}/trunk/Source/Utilities\" \"${SRCROOT}/Pods\"";
				VALIDATE_PRODUCT = YES;
				VALID_ARCHS = "armv7 armv7s arm64";
			};
			name = Release;
		};
		C01FCF4F08A954540054247B /* Debug */ = {
			isa = XCBuildConfiguration;
			buildSettings = {
				"CODE_SIGN_IDENTITY[sdk=iphoneos*]" = "iPhone Developer: Brian Whitman (484WPXPBPT)";
				GCC_C_LANGUAGE_STANDARD = c11;
				GCC_WARN_ABOUT_RETURN_TYPE = YES;
				GCC_WARN_UNUSED_VARIABLE = YES;
				ONLY_ACTIVE_ARCH = YES;
				PREBINDING = NO;
				"PROVISIONING_PROFILE[sdk=iphoneos*]" = "5D028526-5535-468F-882E-D5D8E6BE8D85";
				SDKROOT = iphoneos;
			};
			name = Debug;
		};
		C01FCF5008A954540054247B /* Release */ = {
			isa = XCBuildConfiguration;
			buildSettings = {
				"CODE_SIGN_IDENTITY[sdk=iphoneos*]" = "iPhone Developer";
				GCC_C_LANGUAGE_STANDARD = c11;
				GCC_WARN_ABOUT_RETURN_TYPE = YES;
				GCC_WARN_UNUSED_VARIABLE = YES;
				OTHER_CFLAGS = "-DNS_BLOCK_ASSERTIONS=1";
				PREBINDING = NO;
				SDKROOT = iphoneos;
			};
			name = Release;
		};
/* End XCBuildConfiguration section */

/* Begin XCConfigurationList section */
		1D6058960D05DD3E006BFB54 /* Build configuration list for PBXNativeTarget "LinkMeUp" */ = {
			isa = XCConfigurationList;
			buildConfigurations = (
				1D6058940D05DD3E006BFB54 /* Debug */,
				1D6058950D05DD3E006BFB54 /* Release */,
			);
			defaultConfigurationIsVisible = 0;
			defaultConfigurationName = Release;
		};
		C01FCF4E08A954540054247B /* Build configuration list for PBXProject "LinkMeUp" */ = {
			isa = XCConfigurationList;
			buildConfigurations = (
				C01FCF4F08A954540054247B /* Debug */,
				C01FCF5008A954540054247B /* Release */,
			);
			defaultConfigurationIsVisible = 0;
			defaultConfigurationName = Release;
		};
/* End XCConfigurationList section */
	};
	rootObject = 29B97313FDCFA39411CA2CEA /* Project object */;
}
